// !$*UTF8*$!
{
	archiveVersion = 1;
	classes = {
	};
	objectVersion = 46;
	objects = {

/* Begin PBXBuildFile section */
		38759814193DF4EB00A103E0 /* Foundation.framework in Frameworks */ = {isa = PBXBuildFile; fileRef = 38759813193DF4EB00A103E0 /* Foundation.framework */; };
		38759816193DF4EB00A103E0 /* CoreGraphics.framework in Frameworks */ = {isa = PBXBuildFile; fileRef = 38759815193DF4EB00A103E0 /* CoreGraphics.framework */; };
		38759818193DF4EB00A103E0 /* UIKit.framework in Frameworks */ = {isa = PBXBuildFile; fileRef = 38759817193DF4EB00A103E0 /* UIKit.framework */; };
		3875982C193DF4EB00A103E0 /* Images.xcassets in Resources */ = {isa = PBXBuildFile; fileRef = 3875982B193DF4EB00A103E0 /* Images.xcassets */; };
		38759833193DF4EB00A103E0 /* XCTest.framework in Frameworks */ = {isa = PBXBuildFile; fileRef = 38759832193DF4EB00A103E0 /* XCTest.framework */; };
		38759834193DF4EB00A103E0 /* Foundation.framework in Frameworks */ = {isa = PBXBuildFile; fileRef = 38759813193DF4EB00A103E0 /* Foundation.framework */; };
		38759835193DF4EB00A103E0 /* UIKit.framework in Frameworks */ = {isa = PBXBuildFile; fileRef = 38759817193DF4EB00A103E0 /* UIKit.framework */; };
		3875983D193DF4EB00A103E0 /* InfoPlist.strings in Resources */ = {isa = PBXBuildFile; fileRef = 3875983B193DF4EB00A103E0 /* InfoPlist.strings */; };
		3875983F193DF4EB00A103E0 /* TestYLTests.m in Sources */ = {isa = PBXBuildFile; fileRef = 3875983E193DF4EB00A103E0 /* TestYLTests.m */; };
		D7735D2FFD70421EA44C1E1C /* libPods-TestYL.a in Frameworks */ = {isa = PBXBuildFile; fileRef = 435D84CA3F3742109639C407 /* libPods-TestYL.a */; };
		FF107D3F1965E045008399DA /* main.m in Sources */ = {isa = PBXBuildFile; fileRef = FF107D3C1965E045008399DA /* main.m */; };
		FF107D411965E099008399DA /* Main.storyboard in Resources */ = {isa = PBXBuildFile; fileRef = 38759825193DF4EB00A103E0 /* Main.storyboard */; };
		FFAEAEA41967FA7800F3ABDE /* BaseForm.m in Sources */ = {isa = PBXBuildFile; fileRef = FFAEAE631967FA7800F3ABDE /* BaseForm.m */; };
		FFAEAEA51967FA7800F3ABDE /* BaseFormCells.m in Sources */ = {isa = PBXBuildFile; fileRef = FFAEAE651967FA7800F3ABDE /* BaseFormCells.m */; };
		FFAEAEA61967FA7800F3ABDE /* BaseFormController.m in Sources */ = {isa = PBXBuildFile; fileRef = FFAEAE671967FA7800F3ABDE /* BaseFormController.m */; };
		FFAEAEA71967FA7800F3ABDE /* BaseFormTableView.m in Sources */ = {isa = PBXBuildFile; fileRef = FFAEAE691967FA7800F3ABDE /* BaseFormTableView.m */; };
		FFAEAEA81967FA7800F3ABDE /* BaseLabel.m in Sources */ = {isa = PBXBuildFile; fileRef = FFAEAE6B1967FA7800F3ABDE /* BaseLabel.m */; };
		FFAEAEA91967FA7800F3ABDE /* BaseMapImageOverlay.m in Sources */ = {isa = PBXBuildFile; fileRef = FFAEAE6D1967FA7800F3ABDE /* BaseMapImageOverlay.m */; };
		FFAEAEAA1967FA7800F3ABDE /* BaseMapImageOverlayView.m in Sources */ = {isa = PBXBuildFile; fileRef = FFAEAE6F1967FA7800F3ABDE /* BaseMapImageOverlayView.m */; };
		FFAEAEAB1967FA7800F3ABDE /* BaseSegment.m in Sources */ = {isa = PBXBuildFile; fileRef = FFAEAE711967FA7800F3ABDE /* BaseSegment.m */; };
		FFAEAEAC1967FA7800F3ABDE /* BaseUserAvatar.m in Sources */ = {isa = PBXBuildFile; fileRef = FFAEAE731967FA7800F3ABDE /* BaseUserAvatar.m */; };
		FFAEAEAD1967FA7800F3ABDE /* BaseUserAvatarView.m in Sources */ = {isa = PBXBuildFile; fileRef = FFAEAE751967FA7800F3ABDE /* BaseUserAvatarView.m */; };
		FFAEAEAE1967FA7800F3ABDE /* BBlock.m in Sources */ = {isa = PBXBuildFile; fileRef = FFAEAE771967FA7800F3ABDE /* BBlock.m */; };
		FFAEAEAF1967FA7800F3ABDE /* MKCircleView+VeplayCommon.m in Sources */ = {isa = PBXBuildFile; fileRef = FFAEAE791967FA7800F3ABDE /* MKCircleView+VeplayCommon.m */; };
		FFAEAEB01967FA7800F3ABDE /* MKMapView+ZoomLevel.m in Sources */ = {isa = PBXBuildFile; fileRef = FFAEAE7B1967FA7800F3ABDE /* MKMapView+ZoomLevel.m */; };
		FFAEAEB11967FA7800F3ABDE /* UIColor+VeplayCommon.m in Sources */ = {isa = PBXBuildFile; fileRef = FFAEAE7D1967FA7800F3ABDE /* UIColor+VeplayCommon.m */; };
		FFAEAEB21967FA7800F3ABDE /* UIImage+VeplayCommon.m in Sources */ = {isa = PBXBuildFile; fileRef = FFAEAE7F1967FA7800F3ABDE /* UIImage+VeplayCommon.m */; };
		FFAEAEB31967FA7800F3ABDE /* UIView+FrameAdditions.m in Sources */ = {isa = PBXBuildFile; fileRef = FFAEAE811967FA7800F3ABDE /* UIView+FrameAdditions.m */; };
		FFAEAEB41967FA7800F3ABDE /* YLBirthDateModel.m in Sources */ = {isa = PBXBuildFile; fileRef = FFAEAE831967FA7800F3ABDE /* YLBirthDateModel.m */; };
		FFAEAEB51967FA7800F3ABDE /* YLColors.m in Sources */ = {isa = PBXBuildFile; fileRef = FFAEAE851967FA7800F3ABDE /* YLColors.m */; };
		FFAEAEB61967FA7800F3ABDE /* YLDistance.m in Sources */ = {isa = PBXBuildFile; fileRef = FFAEAE871967FA7800F3ABDE /* YLDistance.m */; };
		FFAEAEB71967FA7800F3ABDE /* YLDistanceTransformer.m in Sources */ = {isa = PBXBuildFile; fileRef = FFAEAE891967FA7800F3ABDE /* YLDistanceTransformer.m */; };
		FFAEAEB81967FA7800F3ABDE /* YLSliderValues.m in Sources */ = {isa = PBXBuildFile; fileRef = FFAEAE8B1967FA7800F3ABDE /* YLSliderValues.m */; };
		FFAEAEB91967FA7800F3ABDE /* LoginController.m in Sources */ = {isa = PBXBuildFile; fileRef = FFAEAE8E1967FA7800F3ABDE /* LoginController.m */; };
		FFAEAEBA1967FA7800F3ABDE /* LoginForm.m in Sources */ = {isa = PBXBuildFile; fileRef = FFAEAE911967FA7800F3ABDE /* LoginForm.m */; };
		FFAEAEBB1967FA7800F3ABDE /* AppDelegate.m in Sources */ = {isa = PBXBuildFile; fileRef = FFAEAE941967FA7800F3ABDE /* AppDelegate.m */; };
		FFAEAEBC1967FA7800F3ABDE /* globals.m in Sources */ = {isa = PBXBuildFile; fileRef = FFAEAE961967FA7800F3ABDE /* globals.m */; };
		FFAEAEC31967FA7800F3ABDE /* LoginViewController.m in Sources */ = {isa = PBXBuildFile; fileRef = FFAEAEA11967FA7800F3ABDE /* LoginViewController.m */; };
		FFAEAEC41967FA7800F3ABDE /* NavigationViewController.m in Sources */ = {isa = PBXBuildFile; fileRef = FFAEAEA31967FA7800F3ABDE /* NavigationViewController.m */; };
		FFAEAEC71967FB3700F3ABDE /* BaseController.m in Sources */ = {isa = PBXBuildFile; fileRef = FFAEAEC61967FB3700F3ABDE /* BaseController.m */; };
		FFAEAECD196813FE00F3ABDE /* UIConstants.m in Sources */ = {isa = PBXBuildFile; fileRef = FFAEAECC196813FE00F3ABDE /* UIConstants.m */; };
		FFAEAED71968220500F3ABDE /* AddPhoto.png in Resources */ = {isa = PBXBuildFile; fileRef = FFAEAED11968220500F3ABDE /* AddPhoto.png */; };
		FFAEAED81968220500F3ABDE /* BackNavButton.png in Resources */ = {isa = PBXBuildFile; fileRef = FFAEAED21968220500F3ABDE /* BackNavButton.png */; };
		FFAEAED91968220500F3ABDE /* LaunchScreen.png in Resources */ = {isa = PBXBuildFile; fileRef = FFAEAED31968220500F3ABDE /* LaunchScreen.png */; };
		FFAEAEDA1968220500F3ABDE /* LaunchScreenClear.png in Resources */ = {isa = PBXBuildFile; fileRef = FFAEAED41968220500F3ABDE /* LaunchScreenClear.png */; };
		FFAEAEDB1968220500F3ABDE /* RoundedRectButton.png in Resources */ = {isa = PBXBuildFile; fileRef = FFAEAED51968220500F3ABDE /* RoundedRectButton.png */; };
		FFAEAEDC1968220500F3ABDE /* YouLocalBackgroundLogo.png in Resources */ = {isa = PBXBuildFile; fileRef = FFAEAED61968220500F3ABDE /* YouLocalBackgroundLogo.png */; };
		FFAEAEDF196822E200F3ABDE /* Lato-Bold.ttf in Resources */ = {isa = PBXBuildFile; fileRef = FFAEAEDD196822E200F3ABDE /* Lato-Bold.ttf */; };
		FFAEAEE0196822E200F3ABDE /* Lato-Light.ttf in Resources */ = {isa = PBXBuildFile; fileRef = FFAEAEDE196822E200F3ABDE /* Lato-Light.ttf */; };
		FFAEAEE21968243500F3ABDE /* Lato-Regular.ttf in Resources */ = {isa = PBXBuildFile; fileRef = FFAEAEE11968243500F3ABDE /* Lato-Regular.ttf */; };
		FFAEAEE819686C8B00F3ABDE /* ViewControllerSegue.m in Sources */ = {isa = PBXBuildFile; fileRef = FFAEAEE719686C8B00F3ABDE /* ViewControllerSegue.m */; };
		FFAEAEEB19686FCF00F3ABDE /* RecoverPasswordViewController.m in Sources */ = {isa = PBXBuildFile; fileRef = FFAEAEEA19686FCF00F3ABDE /* RecoverPasswordViewController.m */; };
		FFAEAEEE1968882C00F3ABDE /* PasswordRecoveryController.m in Sources */ = {isa = PBXBuildFile; fileRef = FFAEAEED1968882B00F3ABDE /* PasswordRecoveryController.m */; };
		FFAEAEF1196888BC00F3ABDE /* RecoveryForm.m in Sources */ = {isa = PBXBuildFile; fileRef = FFAEAEF0196888BC00F3ABDE /* RecoveryForm.m */; };
		FFAEAEF519689A3700F3ABDE /* RoundedButton.m in Sources */ = {isa = PBXBuildFile; fileRef = FFAEAEF419689A3700F3ABDE /* RoundedButton.m */; };
		FFAEAEF81968A44500F3ABDE /* RegisterViewController.m in Sources */ = {isa = PBXBuildFile; fileRef = FFAEAEF71968A44500F3ABDE /* RegisterViewController.m */; };
		FFAFF59019693BB200082D42 /* RegisterForm.m in Sources */ = {isa = PBXBuildFile; fileRef = FFAFF58F19693BB200082D42 /* RegisterForm.m */; };
		FFAFF593196944D100082D42 /* FormController.m in Sources */ = {isa = PBXBuildFile; fileRef = FFAFF592196944D100082D42 /* FormController.m */; };
/* End PBXBuildFile section */

/* Begin PBXContainerItemProxy section */
		38759836193DF4EB00A103E0 /* PBXContainerItemProxy */ = {
			isa = PBXContainerItemProxy;
			containerPortal = 38759808193DF4EB00A103E0 /* Project object */;
			proxyType = 1;
			remoteGlobalIDString = 3875980F193DF4EB00A103E0;
			remoteInfo = TestYL;
		};
/* End PBXContainerItemProxy section */

/* Begin PBXFileReference section */
		38759810193DF4EB00A103E0 /* TestYL.app */ = {isa = PBXFileReference; explicitFileType = wrapper.application; includeInIndex = 0; path = TestYL.app; sourceTree = BUILT_PRODUCTS_DIR; };
		38759813193DF4EB00A103E0 /* Foundation.framework */ = {isa = PBXFileReference; lastKnownFileType = wrapper.framework; name = Foundation.framework; path = System/Library/Frameworks/Foundation.framework; sourceTree = SDKROOT; };
		38759815193DF4EB00A103E0 /* CoreGraphics.framework */ = {isa = PBXFileReference; lastKnownFileType = wrapper.framework; name = CoreGraphics.framework; path = System/Library/Frameworks/CoreGraphics.framework; sourceTree = SDKROOT; };
		38759817193DF4EB00A103E0 /* UIKit.framework */ = {isa = PBXFileReference; lastKnownFileType = wrapper.framework; name = UIKit.framework; path = System/Library/Frameworks/UIKit.framework; sourceTree = SDKROOT; };
		38759826193DF4EB00A103E0 /* Base */ = {isa = PBXFileReference; lastKnownFileType = file.storyboard; name = Base; path = Base.lproj/Main.storyboard; sourceTree = "<group>"; };
		3875982B193DF4EB00A103E0 /* Images.xcassets */ = {isa = PBXFileReference; lastKnownFileType = folder.assetcatalog; path = Images.xcassets; sourceTree = "<group>"; };
		38759831193DF4EB00A103E0 /* TestYLTests.xctest */ = {isa = PBXFileReference; explicitFileType = wrapper.cfbundle; includeInIndex = 0; path = TestYLTests.xctest; sourceTree = BUILT_PRODUCTS_DIR; };
		38759832193DF4EB00A103E0 /* XCTest.framework */ = {isa = PBXFileReference; lastKnownFileType = wrapper.framework; name = XCTest.framework; path = Library/Frameworks/XCTest.framework; sourceTree = DEVELOPER_DIR; };
		3875983A193DF4EB00A103E0 /* TestYLTests-Info.plist */ = {isa = PBXFileReference; lastKnownFileType = text.plist.xml; path = "TestYLTests-Info.plist"; sourceTree = "<group>"; };
		3875983C193DF4EB00A103E0 /* en */ = {isa = PBXFileReference; lastKnownFileType = text.plist.strings; name = en; path = en.lproj/InfoPlist.strings; sourceTree = "<group>"; };
		3875983E193DF4EB00A103E0 /* TestYLTests.m */ = {isa = PBXFileReference; lastKnownFileType = sourcecode.c.objc; path = TestYLTests.m; sourceTree = "<group>"; };
		435D84CA3F3742109639C407 /* libPods-TestYL.a */ = {isa = PBXFileReference; explicitFileType = archive.ar; includeInIndex = 0; path = "libPods-TestYL.a"; sourceTree = BUILT_PRODUCTS_DIR; };
		9D6C7C1122B94DA4BF061AC2 /* Pods-TestYL.xcconfig */ = {isa = PBXFileReference; includeInIndex = 1; lastKnownFileType = text.xcconfig; name = "Pods-TestYL.xcconfig"; path = "Pods/Pods-TestYL.xcconfig"; sourceTree = "<group>"; };
		FF107D3C1965E045008399DA /* main.m */ = {isa = PBXFileReference; fileEncoding = 4; lastKnownFileType = sourcecode.c.objc; path = main.m; sourceTree = "<group>"; };
		FF107D3D1965E045008399DA /* TestYL-Info.plist */ = {isa = PBXFileReference; fileEncoding = 4; lastKnownFileType = text.plist.xml; path = "TestYL-Info.plist"; sourceTree = "<group>"; };
		FF107D3E1965E045008399DA /* TestYL-Prefix.pch */ = {isa = PBXFileReference; fileEncoding = 4; lastKnownFileType = sourcecode.c.h; path = "TestYL-Prefix.pch"; sourceTree = "<group>"; };
		FFAEAE621967FA7800F3ABDE /* BaseForm.h */ = {isa = PBXFileReference; fileEncoding = 4; lastKnownFileType = sourcecode.c.h; path = BaseForm.h; sourceTree = "<group>"; };
		FFAEAE631967FA7800F3ABDE /* BaseForm.m */ = {isa = PBXFileReference; fileEncoding = 4; lastKnownFileType = sourcecode.c.objc; path = BaseForm.m; sourceTree = "<group>"; };
		FFAEAE641967FA7800F3ABDE /* BaseFormCells.h */ = {isa = PBXFileReference; fileEncoding = 4; lastKnownFileType = sourcecode.c.h; path = BaseFormCells.h; sourceTree = "<group>"; };
		FFAEAE651967FA7800F3ABDE /* BaseFormCells.m */ = {isa = PBXFileReference; fileEncoding = 4; lastKnownFileType = sourcecode.c.objc; path = BaseFormCells.m; sourceTree = "<group>"; };
		FFAEAE661967FA7800F3ABDE /* BaseFormController.h */ = {isa = PBXFileReference; fileEncoding = 4; lastKnownFileType = sourcecode.c.h; path = BaseFormController.h; sourceTree = "<group>"; };
		FFAEAE671967FA7800F3ABDE /* BaseFormController.m */ = {isa = PBXFileReference; fileEncoding = 4; lastKnownFileType = sourcecode.c.objc; path = BaseFormController.m; sourceTree = "<group>"; };
		FFAEAE681967FA7800F3ABDE /* BaseFormTableView.h */ = {isa = PBXFileReference; fileEncoding = 4; lastKnownFileType = sourcecode.c.h; path = BaseFormTableView.h; sourceTree = "<group>"; };
		FFAEAE691967FA7800F3ABDE /* BaseFormTableView.m */ = {isa = PBXFileReference; fileEncoding = 4; lastKnownFileType = sourcecode.c.objc; path = BaseFormTableView.m; sourceTree = "<group>"; };
		FFAEAE6A1967FA7800F3ABDE /* BaseLabel.h */ = {isa = PBXFileReference; fileEncoding = 4; lastKnownFileType = sourcecode.c.h; path = BaseLabel.h; sourceTree = "<group>"; };
		FFAEAE6B1967FA7800F3ABDE /* BaseLabel.m */ = {isa = PBXFileReference; fileEncoding = 4; lastKnownFileType = sourcecode.c.objc; path = BaseLabel.m; sourceTree = "<group>"; };
		FFAEAE6C1967FA7800F3ABDE /* BaseMapImageOverlay.h */ = {isa = PBXFileReference; fileEncoding = 4; lastKnownFileType = sourcecode.c.h; path = BaseMapImageOverlay.h; sourceTree = "<group>"; };
		FFAEAE6D1967FA7800F3ABDE /* BaseMapImageOverlay.m */ = {isa = PBXFileReference; fileEncoding = 4; lastKnownFileType = sourcecode.c.objc; path = BaseMapImageOverlay.m; sourceTree = "<group>"; };
		FFAEAE6E1967FA7800F3ABDE /* BaseMapImageOverlayView.h */ = {isa = PBXFileReference; fileEncoding = 4; lastKnownFileType = sourcecode.c.h; path = BaseMapImageOverlayView.h; sourceTree = "<group>"; };
		FFAEAE6F1967FA7800F3ABDE /* BaseMapImageOverlayView.m */ = {isa = PBXFileReference; fileEncoding = 4; lastKnownFileType = sourcecode.c.objc; path = BaseMapImageOverlayView.m; sourceTree = "<group>"; };
		FFAEAE701967FA7800F3ABDE /* BaseSegment.h */ = {isa = PBXFileReference; fileEncoding = 4; lastKnownFileType = sourcecode.c.h; path = BaseSegment.h; sourceTree = "<group>"; };
		FFAEAE711967FA7800F3ABDE /* BaseSegment.m */ = {isa = PBXFileReference; fileEncoding = 4; lastKnownFileType = sourcecode.c.objc; path = BaseSegment.m; sourceTree = "<group>"; };
		FFAEAE721967FA7800F3ABDE /* BaseUserAvatar.h */ = {isa = PBXFileReference; fileEncoding = 4; lastKnownFileType = sourcecode.c.h; path = BaseUserAvatar.h; sourceTree = "<group>"; };
		FFAEAE731967FA7800F3ABDE /* BaseUserAvatar.m */ = {isa = PBXFileReference; fileEncoding = 4; lastKnownFileType = sourcecode.c.objc; path = BaseUserAvatar.m; sourceTree = "<group>"; };
		FFAEAE741967FA7800F3ABDE /* BaseUserAvatarView.h */ = {isa = PBXFileReference; fileEncoding = 4; lastKnownFileType = sourcecode.c.h; path = BaseUserAvatarView.h; sourceTree = "<group>"; };
		FFAEAE751967FA7800F3ABDE /* BaseUserAvatarView.m */ = {isa = PBXFileReference; fileEncoding = 4; lastKnownFileType = sourcecode.c.objc; path = BaseUserAvatarView.m; sourceTree = "<group>"; };
		FFAEAE761967FA7800F3ABDE /* BBlock.h */ = {isa = PBXFileReference; fileEncoding = 4; lastKnownFileType = sourcecode.c.h; path = BBlock.h; sourceTree = "<group>"; };
		FFAEAE771967FA7800F3ABDE /* BBlock.m */ = {isa = PBXFileReference; fileEncoding = 4; lastKnownFileType = sourcecode.c.objc; path = BBlock.m; sourceTree = "<group>"; };
		FFAEAE781967FA7800F3ABDE /* MKCircleView+VeplayCommon.h */ = {isa = PBXFileReference; fileEncoding = 4; lastKnownFileType = sourcecode.c.h; path = "MKCircleView+VeplayCommon.h"; sourceTree = "<group>"; };
		FFAEAE791967FA7800F3ABDE /* MKCircleView+VeplayCommon.m */ = {isa = PBXFileReference; fileEncoding = 4; lastKnownFileType = sourcecode.c.objc; path = "MKCircleView+VeplayCommon.m"; sourceTree = "<group>"; };
		FFAEAE7A1967FA7800F3ABDE /* MKMapView+ZoomLevel.h */ = {isa = PBXFileReference; fileEncoding = 4; lastKnownFileType = sourcecode.c.h; path = "MKMapView+ZoomLevel.h"; sourceTree = "<group>"; };
		FFAEAE7B1967FA7800F3ABDE /* MKMapView+ZoomLevel.m */ = {isa = PBXFileReference; fileEncoding = 4; lastKnownFileType = sourcecode.c.objc; path = "MKMapView+ZoomLevel.m"; sourceTree = "<group>"; };
		FFAEAE7C1967FA7800F3ABDE /* UIColor+VeplayCommon.h */ = {isa = PBXFileReference; fileEncoding = 4; lastKnownFileType = sourcecode.c.h; path = "UIColor+VeplayCommon.h"; sourceTree = "<group>"; };
		FFAEAE7D1967FA7800F3ABDE /* UIColor+VeplayCommon.m */ = {isa = PBXFileReference; fileEncoding = 4; lastKnownFileType = sourcecode.c.objc; path = "UIColor+VeplayCommon.m"; sourceTree = "<group>"; };
		FFAEAE7E1967FA7800F3ABDE /* UIImage+VeplayCommon.h */ = {isa = PBXFileReference; fileEncoding = 4; lastKnownFileType = sourcecode.c.h; path = "UIImage+VeplayCommon.h"; sourceTree = "<group>"; };
		FFAEAE7F1967FA7800F3ABDE /* UIImage+VeplayCommon.m */ = {isa = PBXFileReference; fileEncoding = 4; lastKnownFileType = sourcecode.c.objc; path = "UIImage+VeplayCommon.m"; sourceTree = "<group>"; };
		FFAEAE801967FA7800F3ABDE /* UIView+FrameAdditions.h */ = {isa = PBXFileReference; fileEncoding = 4; lastKnownFileType = sourcecode.c.h; path = "UIView+FrameAdditions.h"; sourceTree = "<group>"; };
		FFAEAE811967FA7800F3ABDE /* UIView+FrameAdditions.m */ = {isa = PBXFileReference; fileEncoding = 4; lastKnownFileType = sourcecode.c.objc; path = "UIView+FrameAdditions.m"; sourceTree = "<group>"; };
		FFAEAE821967FA7800F3ABDE /* YLBirthDateModel.h */ = {isa = PBXFileReference; fileEncoding = 4; lastKnownFileType = sourcecode.c.h; path = YLBirthDateModel.h; sourceTree = "<group>"; };
		FFAEAE831967FA7800F3ABDE /* YLBirthDateModel.m */ = {isa = PBXFileReference; fileEncoding = 4; lastKnownFileType = sourcecode.c.objc; path = YLBirthDateModel.m; sourceTree = "<group>"; };
		FFAEAE841967FA7800F3ABDE /* YLColors.h */ = {isa = PBXFileReference; fileEncoding = 4; lastKnownFileType = sourcecode.c.h; path = YLColors.h; sourceTree = "<group>"; };
		FFAEAE851967FA7800F3ABDE /* YLColors.m */ = {isa = PBXFileReference; fileEncoding = 4; lastKnownFileType = sourcecode.c.objc; path = YLColors.m; sourceTree = "<group>"; };
		FFAEAE861967FA7800F3ABDE /* YLDistance.h */ = {isa = PBXFileReference; fileEncoding = 4; lastKnownFileType = sourcecode.c.h; path = YLDistance.h; sourceTree = "<group>"; };
		FFAEAE871967FA7800F3ABDE /* YLDistance.m */ = {isa = PBXFileReference; fileEncoding = 4; lastKnownFileType = sourcecode.c.objc; path = YLDistance.m; sourceTree = "<group>"; };
		FFAEAE881967FA7800F3ABDE /* YLDistanceTransformer.h */ = {isa = PBXFileReference; fileEncoding = 4; lastKnownFileType = sourcecode.c.h; path = YLDistanceTransformer.h; sourceTree = "<group>"; };
		FFAEAE891967FA7800F3ABDE /* YLDistanceTransformer.m */ = {isa = PBXFileReference; fileEncoding = 4; lastKnownFileType = sourcecode.c.objc; path = YLDistanceTransformer.m; sourceTree = "<group>"; };
		FFAEAE8A1967FA7800F3ABDE /* YLSliderValues.h */ = {isa = PBXFileReference; fileEncoding = 4; lastKnownFileType = sourcecode.c.h; path = YLSliderValues.h; sourceTree = "<group>"; };
		FFAEAE8B1967FA7800F3ABDE /* YLSliderValues.m */ = {isa = PBXFileReference; fileEncoding = 4; lastKnownFileType = sourcecode.c.objc; path = YLSliderValues.m; sourceTree = "<group>"; };
		FFAEAE8D1967FA7800F3ABDE /* LoginController.h */ = {isa = PBXFileReference; fileEncoding = 4; lastKnownFileType = sourcecode.c.h; path = LoginController.h; sourceTree = "<group>"; };
		FFAEAE8E1967FA7800F3ABDE /* LoginController.m */ = {isa = PBXFileReference; fileEncoding = 4; lastKnownFileType = sourcecode.c.objc; path = LoginController.m; sourceTree = "<group>"; };
		FFAEAE901967FA7800F3ABDE /* LoginForm.h */ = {isa = PBXFileReference; fileEncoding = 4; lastKnownFileType = sourcecode.c.h; path = LoginForm.h; sourceTree = "<group>"; };
		FFAEAE911967FA7800F3ABDE /* LoginForm.m */ = {isa = PBXFileReference; fileEncoding = 4; lastKnownFileType = sourcecode.c.objc; path = LoginForm.m; sourceTree = "<group>"; };
		FFAEAE931967FA7800F3ABDE /* AppDelegate.h */ = {isa = PBXFileReference; fileEncoding = 4; lastKnownFileType = sourcecode.c.h; path = AppDelegate.h; sourceTree = "<group>"; };
		FFAEAE941967FA7800F3ABDE /* AppDelegate.m */ = {isa = PBXFileReference; fileEncoding = 4; lastKnownFileType = sourcecode.c.objc; path = AppDelegate.m; sourceTree = "<group>"; };
		FFAEAE951967FA7800F3ABDE /* globals.h */ = {isa = PBXFileReference; fileEncoding = 4; lastKnownFileType = sourcecode.c.h; path = globals.h; sourceTree = "<group>"; };
		FFAEAE961967FA7800F3ABDE /* globals.m */ = {isa = PBXFileReference; fileEncoding = 4; lastKnownFileType = sourcecode.c.objc; path = globals.m; sourceTree = "<group>"; };
		FFAEAEA01967FA7800F3ABDE /* LoginViewController.h */ = {isa = PBXFileReference; fileEncoding = 4; lastKnownFileType = sourcecode.c.h; path = LoginViewController.h; sourceTree = "<group>"; };
		FFAEAEA11967FA7800F3ABDE /* LoginViewController.m */ = {isa = PBXFileReference; fileEncoding = 4; lastKnownFileType = sourcecode.c.objc; path = LoginViewController.m; sourceTree = "<group>"; };
		FFAEAEA21967FA7800F3ABDE /* NavigationViewController.h */ = {isa = PBXFileReference; fileEncoding = 4; lastKnownFileType = sourcecode.c.h; path = NavigationViewController.h; sourceTree = "<group>"; };
		FFAEAEA31967FA7800F3ABDE /* NavigationViewController.m */ = {isa = PBXFileReference; fileEncoding = 4; lastKnownFileType = sourcecode.c.objc; path = NavigationViewController.m; sourceTree = "<group>"; };
		FFAEAEC51967FB3700F3ABDE /* BaseController.h */ = {isa = PBXFileReference; fileEncoding = 4; lastKnownFileType = sourcecode.c.h; path = BaseController.h; sourceTree = "<group>"; };
		FFAEAEC61967FB3700F3ABDE /* BaseController.m */ = {isa = PBXFileReference; fileEncoding = 4; lastKnownFileType = sourcecode.c.objc; path = BaseController.m; sourceTree = "<group>"; };
		FFAEAECB196813FE00F3ABDE /* UIConstants.h */ = {isa = PBXFileReference; fileEncoding = 4; lastKnownFileType = sourcecode.c.h; path = UIConstants.h; sourceTree = "<group>"; };
		FFAEAECC196813FE00F3ABDE /* UIConstants.m */ = {isa = PBXFileReference; fileEncoding = 4; lastKnownFileType = sourcecode.c.objc; path = UIConstants.m; sourceTree = "<group>"; };
		FFAEAED11968220500F3ABDE /* AddPhoto.png */ = {isa = PBXFileReference; lastKnownFileType = image.png; path = AddPhoto.png; sourceTree = "<group>"; };
		FFAEAED21968220500F3ABDE /* BackNavButton.png */ = {isa = PBXFileReference; lastKnownFileType = image.png; path = BackNavButton.png; sourceTree = "<group>"; };
		FFAEAED31968220500F3ABDE /* LaunchScreen.png */ = {isa = PBXFileReference; lastKnownFileType = image.png; path = LaunchScreen.png; sourceTree = "<group>"; };
		FFAEAED41968220500F3ABDE /* LaunchScreenClear.png */ = {isa = PBXFileReference; lastKnownFileType = image.png; path = LaunchScreenClear.png; sourceTree = "<group>"; };
		FFAEAED51968220500F3ABDE /* RoundedRectButton.png */ = {isa = PBXFileReference; lastKnownFileType = image.png; path = RoundedRectButton.png; sourceTree = "<group>"; };
		FFAEAED61968220500F3ABDE /* YouLocalBackgroundLogo.png */ = {isa = PBXFileReference; lastKnownFileType = image.png; path = YouLocalBackgroundLogo.png; sourceTree = "<group>"; };
		FFAEAEDD196822E200F3ABDE /* Lato-Bold.ttf */ = {isa = PBXFileReference; lastKnownFileType = file; path = "Lato-Bold.ttf"; sourceTree = "<group>"; };
		FFAEAEDE196822E200F3ABDE /* Lato-Light.ttf */ = {isa = PBXFileReference; lastKnownFileType = file; path = "Lato-Light.ttf"; sourceTree = "<group>"; };
		FFAEAEE11968243500F3ABDE /* Lato-Regular.ttf */ = {isa = PBXFileReference; lastKnownFileType = file; path = "Lato-Regular.ttf"; sourceTree = "<group>"; };
		FFAEAEE619686C8B00F3ABDE /* ViewControllerSegue.h */ = {isa = PBXFileReference; fileEncoding = 4; lastKnownFileType = sourcecode.c.h; path = ViewControllerSegue.h; sourceTree = "<group>"; };
		FFAEAEE719686C8B00F3ABDE /* ViewControllerSegue.m */ = {isa = PBXFileReference; fileEncoding = 4; lastKnownFileType = sourcecode.c.objc; path = ViewControllerSegue.m; sourceTree = "<group>"; };
		FFAEAEE919686FCF00F3ABDE /* RecoverPasswordViewController.h */ = {isa = PBXFileReference; fileEncoding = 4; lastKnownFileType = sourcecode.c.h; path = RecoverPasswordViewController.h; sourceTree = "<group>"; };
		FFAEAEEA19686FCF00F3ABDE /* RecoverPasswordViewController.m */ = {isa = PBXFileReference; fileEncoding = 4; lastKnownFileType = sourcecode.c.objc; path = RecoverPasswordViewController.m; sourceTree = "<group>"; };
		FFAEAEEC1968882B00F3ABDE /* PasswordRecoveryController.h */ = {isa = PBXFileReference; fileEncoding = 4; lastKnownFileType = sourcecode.c.h; path = PasswordRecoveryController.h; sourceTree = "<group>"; };
		FFAEAEED1968882B00F3ABDE /* PasswordRecoveryController.m */ = {isa = PBXFileReference; fileEncoding = 4; lastKnownFileType = sourcecode.c.objc; path = PasswordRecoveryController.m; sourceTree = "<group>"; };
		FFAEAEEF196888BC00F3ABDE /* RecoveryForm.h */ = {isa = PBXFileReference; fileEncoding = 4; lastKnownFileType = sourcecode.c.h; path = RecoveryForm.h; sourceTree = "<group>"; };
		FFAEAEF0196888BC00F3ABDE /* RecoveryForm.m */ = {isa = PBXFileReference; fileEncoding = 4; lastKnownFileType = sourcecode.c.objc; path = RecoveryForm.m; sourceTree = "<group>"; };
		FFAEAEF319689A3700F3ABDE /* RoundedButton.h */ = {isa = PBXFileReference; fileEncoding = 4; lastKnownFileType = sourcecode.c.h; path = RoundedButton.h; sourceTree = "<group>"; };
		FFAEAEF419689A3700F3ABDE /* RoundedButton.m */ = {isa = PBXFileReference; fileEncoding = 4; lastKnownFileType = sourcecode.c.objc; path = RoundedButton.m; sourceTree = "<group>"; };
		FFAEAEF61968A44500F3ABDE /* RegisterViewController.h */ = {isa = PBXFileReference; fileEncoding = 4; lastKnownFileType = sourcecode.c.h; path = RegisterViewController.h; sourceTree = "<group>"; };
		FFAEAEF71968A44500F3ABDE /* RegisterViewController.m */ = {isa = PBXFileReference; fileEncoding = 4; lastKnownFileType = sourcecode.c.objc; path = RegisterViewController.m; sourceTree = "<group>"; };
		FFAFF58E19693BB200082D42 /* RegisterForm.h */ = {isa = PBXFileReference; fileEncoding = 4; lastKnownFileType = sourcecode.c.h; path = RegisterForm.h; sourceTree = "<group>"; };
		FFAFF58F19693BB200082D42 /* RegisterForm.m */ = {isa = PBXFileReference; fileEncoding = 4; lastKnownFileType = sourcecode.c.objc; path = RegisterForm.m; sourceTree = "<group>"; };
		FFAFF591196944D100082D42 /* FormController.h */ = {isa = PBXFileReference; fileEncoding = 4; lastKnownFileType = sourcecode.c.h; path = FormController.h; sourceTree = "<group>"; };
		FFAFF592196944D100082D42 /* FormController.m */ = {isa = PBXFileReference; fileEncoding = 4; lastKnownFileType = sourcecode.c.objc; path = FormController.m; sourceTree = "<group>"; };
/* End PBXFileReference section */

/* Begin PBXFrameworksBuildPhase section */
		3875980D193DF4EB00A103E0 /* Frameworks */ = {
			isa = PBXFrameworksBuildPhase;
			buildActionMask = 2147483647;
			files = (
				38759816193DF4EB00A103E0 /* CoreGraphics.framework in Frameworks */,
				38759818193DF4EB00A103E0 /* UIKit.framework in Frameworks */,
				38759814193DF4EB00A103E0 /* Foundation.framework in Frameworks */,
				D7735D2FFD70421EA44C1E1C /* libPods-TestYL.a in Frameworks */,
			);
			runOnlyForDeploymentPostprocessing = 0;
		};
		3875982E193DF4EB00A103E0 /* Frameworks */ = {
			isa = PBXFrameworksBuildPhase;
			buildActionMask = 2147483647;
			files = (
				38759833193DF4EB00A103E0 /* XCTest.framework in Frameworks */,
				38759835193DF4EB00A103E0 /* UIKit.framework in Frameworks */,
				38759834193DF4EB00A103E0 /* Foundation.framework in Frameworks */,
			);
			runOnlyForDeploymentPostprocessing = 0;
		};
/* End PBXFrameworksBuildPhase section */

/* Begin PBXGroup section */
		38759807193DF4EB00A103E0 = {
			isa = PBXGroup;
			children = (
				FFAEAECE1968220500F3ABDE /* Resources */,
				FFAEAE611967FA7800F3ABDE /* Base */,
				FFAEAEF219689A0900F3ABDE /* Controls */,
				FFAEAE8C1967FA7800F3ABDE /* Controllers */,
				FFAEAE8F1967FA7800F3ABDE /* Forms */,
				FFAEAEE519686C3F00F3ABDE /* Segues */,
				FFAEAE9F1967FA7800F3ABDE /* ViewControllers */,
				FFAEAE921967FA7800F3ABDE /* General */,
				38759819193DF4EB00A103E0 /* TestYL */,
				38759838193DF4EB00A103E0 /* TestYLTests */,
				38759812193DF4EB00A103E0 /* Frameworks */,
				38759811193DF4EB00A103E0 /* Products */,
				9D6C7C1122B94DA4BF061AC2 /* Pods-TestYL.xcconfig */,
			);
			sourceTree = "<group>";
		};
		38759811193DF4EB00A103E0 /* Products */ = {
			isa = PBXGroup;
			children = (
				38759810193DF4EB00A103E0 /* TestYL.app */,
				38759831193DF4EB00A103E0 /* TestYLTests.xctest */,
			);
			name = Products;
			sourceTree = "<group>";
		};
		38759812193DF4EB00A103E0 /* Frameworks */ = {
			isa = PBXGroup;
			children = (
				38759813193DF4EB00A103E0 /* Foundation.framework */,
				38759815193DF4EB00A103E0 /* CoreGraphics.framework */,
				38759817193DF4EB00A103E0 /* UIKit.framework */,
				38759832193DF4EB00A103E0 /* XCTest.framework */,
				435D84CA3F3742109639C407 /* libPods-TestYL.a */,
			);
			name = Frameworks;
			sourceTree = "<group>";
		};
		38759819193DF4EB00A103E0 /* TestYL */ = {
			isa = PBXGroup;
			children = (
				FF107D3C1965E045008399DA /* main.m */,
				FF107D3D1965E045008399DA /* TestYL-Info.plist */,
				FF107D3E1965E045008399DA /* TestYL-Prefix.pch */,
				38759825193DF4EB00A103E0 /* Main.storyboard */,
				3875982B193DF4EB00A103E0 /* Images.xcassets */,
				3875981A193DF4EB00A103E0 /* Supporting Files */,
			);
			path = TestYL;
			sourceTree = "<group>";
		};
		3875981A193DF4EB00A103E0 /* Supporting Files */ = {
			isa = PBXGroup;
			children = (
			);
			name = "Supporting Files";
			sourceTree = "<group>";
		};
		38759838193DF4EB00A103E0 /* TestYLTests */ = {
			isa = PBXGroup;
			children = (
				3875983E193DF4EB00A103E0 /* TestYLTests.m */,
				38759839193DF4EB00A103E0 /* Supporting Files */,
			);
			path = TestYLTests;
			sourceTree = "<group>";
		};
		38759839193DF4EB00A103E0 /* Supporting Files */ = {
			isa = PBXGroup;
			children = (
				3875983A193DF4EB00A103E0 /* TestYLTests-Info.plist */,
				3875983B193DF4EB00A103E0 /* InfoPlist.strings */,
			);
			name = "Supporting Files";
			sourceTree = "<group>";
		};
		FFAEAE611967FA7800F3ABDE /* Base */ = {
			isa = PBXGroup;
			children = (
				FFAEAE621967FA7800F3ABDE /* BaseForm.h */,
				FFAEAE631967FA7800F3ABDE /* BaseForm.m */,
				FFAEAE641967FA7800F3ABDE /* BaseFormCells.h */,
				FFAEAE651967FA7800F3ABDE /* BaseFormCells.m */,
				FFAEAE661967FA7800F3ABDE /* BaseFormController.h */,
				FFAEAE671967FA7800F3ABDE /* BaseFormController.m */,
				FFAEAE681967FA7800F3ABDE /* BaseFormTableView.h */,
				FFAEAE691967FA7800F3ABDE /* BaseFormTableView.m */,
				FFAEAE6A1967FA7800F3ABDE /* BaseLabel.h */,
				FFAEAE6B1967FA7800F3ABDE /* BaseLabel.m */,
				FFAEAE6C1967FA7800F3ABDE /* BaseMapImageOverlay.h */,
				FFAEAE6D1967FA7800F3ABDE /* BaseMapImageOverlay.m */,
				FFAEAE6E1967FA7800F3ABDE /* BaseMapImageOverlayView.h */,
				FFAEAE6F1967FA7800F3ABDE /* BaseMapImageOverlayView.m */,
				FFAEAE701967FA7800F3ABDE /* BaseSegment.h */,
				FFAEAE711967FA7800F3ABDE /* BaseSegment.m */,
				FFAEAE721967FA7800F3ABDE /* BaseUserAvatar.h */,
				FFAEAE731967FA7800F3ABDE /* BaseUserAvatar.m */,
				FFAEAE741967FA7800F3ABDE /* BaseUserAvatarView.h */,
				FFAEAE751967FA7800F3ABDE /* BaseUserAvatarView.m */,
				FFAEAE761967FA7800F3ABDE /* BBlock.h */,
				FFAEAE771967FA7800F3ABDE /* BBlock.m */,
				FFAEAE781967FA7800F3ABDE /* MKCircleView+VeplayCommon.h */,
				FFAEAE791967FA7800F3ABDE /* MKCircleView+VeplayCommon.m */,
				FFAEAE7A1967FA7800F3ABDE /* MKMapView+ZoomLevel.h */,
				FFAEAE7B1967FA7800F3ABDE /* MKMapView+ZoomLevel.m */,
				FFAEAE7C1967FA7800F3ABDE /* UIColor+VeplayCommon.h */,
				FFAEAE7D1967FA7800F3ABDE /* UIColor+VeplayCommon.m */,
				FFAEAE7E1967FA7800F3ABDE /* UIImage+VeplayCommon.h */,
				FFAEAE7F1967FA7800F3ABDE /* UIImage+VeplayCommon.m */,
				FFAEAE801967FA7800F3ABDE /* UIView+FrameAdditions.h */,
				FFAEAE811967FA7800F3ABDE /* UIView+FrameAdditions.m */,
				FFAEAE821967FA7800F3ABDE /* YLBirthDateModel.h */,
				FFAEAE831967FA7800F3ABDE /* YLBirthDateModel.m */,
				FFAEAE841967FA7800F3ABDE /* YLColors.h */,
				FFAEAE851967FA7800F3ABDE /* YLColors.m */,
				FFAEAE861967FA7800F3ABDE /* YLDistance.h */,
				FFAEAE871967FA7800F3ABDE /* YLDistance.m */,
				FFAEAE881967FA7800F3ABDE /* YLDistanceTransformer.h */,
				FFAEAE891967FA7800F3ABDE /* YLDistanceTransformer.m */,
				FFAEAE8A1967FA7800F3ABDE /* YLSliderValues.h */,
				FFAEAE8B1967FA7800F3ABDE /* YLSliderValues.m */,
			);
			path = Base;
			sourceTree = "<group>";
		};
		FFAEAE8C1967FA7800F3ABDE /* Controllers */ = {
			isa = PBXGroup;
			children = (
				FFAFF594196944D700082D42 /* BaseControllers */,
				FFAEAE8D1967FA7800F3ABDE /* LoginController.h */,
				FFAEAE8E1967FA7800F3ABDE /* LoginController.m */,
				FFAEAEEC1968882B00F3ABDE /* PasswordRecoveryController.h */,
				FFAEAEED1968882B00F3ABDE /* PasswordRecoveryController.m */,
			);
			path = Controllers;
			sourceTree = "<group>";
		};
		FFAEAE8F1967FA7800F3ABDE /* Forms */ = {
			isa = PBXGroup;
			children = (
				FFAEAE901967FA7800F3ABDE /* LoginForm.h */,
				FFAEAE911967FA7800F3ABDE /* LoginForm.m */,
				FFAEAEEF196888BC00F3ABDE /* RecoveryForm.h */,
				FFAEAEF0196888BC00F3ABDE /* RecoveryForm.m */,
				FFAFF58E19693BB200082D42 /* RegisterForm.h */,
				FFAFF58F19693BB200082D42 /* RegisterForm.m */,
			);
			path = Forms;
			sourceTree = "<group>";
		};
		FFAEAE921967FA7800F3ABDE /* General */ = {
			isa = PBXGroup;
			children = (
				FFAEAE931967FA7800F3ABDE /* AppDelegate.h */,
				FFAEAE941967FA7800F3ABDE /* AppDelegate.m */,
				FFAEAE951967FA7800F3ABDE /* globals.h */,
				FFAEAE961967FA7800F3ABDE /* globals.m */,
				FFAEAECB196813FE00F3ABDE /* UIConstants.h */,
				FFAEAECC196813FE00F3ABDE /* UIConstants.m */,
			);
			path = General;
			sourceTree = "<group>";
		};
		FFAEAE9F1967FA7800F3ABDE /* ViewControllers */ = {
			isa = PBXGroup;
			children = (
				FFAEAEA01967FA7800F3ABDE /* LoginViewController.h */,
				FFAEAEA11967FA7800F3ABDE /* LoginViewController.m */,
				FFAEAEE919686FCF00F3ABDE /* RecoverPasswordViewController.h */,
				FFAEAEEA19686FCF00F3ABDE /* RecoverPasswordViewController.m */,
				FFAEAEF61968A44500F3ABDE /* RegisterViewController.h */,
				FFAEAEF71968A44500F3ABDE /* RegisterViewController.m */,
				FFAEAEA21967FA7800F3ABDE /* NavigationViewController.h */,
				FFAEAEA31967FA7800F3ABDE /* NavigationViewController.m */,
			);
			path = ViewControllers;
			sourceTree = "<group>";
		};
		FFAEAECE1968220500F3ABDE /* Resources */ = {
			isa = PBXGroup;
			children = (
				FFAEAECF1968220500F3ABDE /* Fonts */,
				FFAEAED01968220500F3ABDE /* Images */,
			);
			path = Resources;
			sourceTree = "<group>";
		};
		FFAEAECF1968220500F3ABDE /* Fonts */ = {
			isa = PBXGroup;
			children = (
				FFAEAEE11968243500F3ABDE /* Lato-Regular.ttf */,
				FFAEAEDD196822E200F3ABDE /* Lato-Bold.ttf */,
				FFAEAEDE196822E200F3ABDE /* Lato-Light.ttf */,
			);
			path = Fonts;
			sourceTree = "<group>";
		};
		FFAEAED01968220500F3ABDE /* Images */ = {
			isa = PBXGroup;
			children = (
				FFAEAED11968220500F3ABDE /* AddPhoto.png */,
				FFAEAED21968220500F3ABDE /* BackNavButton.png */,
				FFAEAED31968220500F3ABDE /* LaunchScreen.png */,
				FFAEAED41968220500F3ABDE /* LaunchScreenClear.png */,
				FFAEAED51968220500F3ABDE /* RoundedRectButton.png */,
				FFAEAED61968220500F3ABDE /* YouLocalBackgroundLogo.png */,
			);
			path = Images;
			sourceTree = "<group>";
		};
		FFAEAEE519686C3F00F3ABDE /* Segues */ = {
			isa = PBXGroup;
			children = (
				FFAEAEE619686C8B00F3ABDE /* ViewControllerSegue.h */,
				FFAEAEE719686C8B00F3ABDE /* ViewControllerSegue.m */,
			);
			path = Segues;
			sourceTree = "<group>";
		};
		FFAEAEF219689A0900F3ABDE /* Controls */ = {
			isa = PBXGroup;
			children = (
				FFAEAEF319689A3700F3ABDE /* RoundedButton.h */,
				FFAEAEF419689A3700F3ABDE /* RoundedButton.m */,
			);
			path = Controls;
			sourceTree = "<group>";
		};
		FFAFF594196944D700082D42 /* BaseControllers */ = {
			isa = PBXGroup;
			children = (
				FFAEAEC51967FB3700F3ABDE /* BaseController.h */,
				FFAEAEC61967FB3700F3ABDE /* BaseController.m */,
				FFAFF591196944D100082D42 /* FormController.h */,
				FFAFF592196944D100082D42 /* FormController.m */,
			);
			name = BaseControllers;
			sourceTree = "<group>";
		};
/* End PBXGroup section */

/* Begin PBXNativeTarget section */
		3875980F193DF4EB00A103E0 /* TestYL */ = {
			isa = PBXNativeTarget;
			buildConfigurationList = 38759842193DF4EB00A103E0 /* Build configuration list for PBXNativeTarget "TestYL" */;
			buildPhases = (
				E4CCB5D7F94F408C8E0138FB /* Check Pods Manifest.lock */,
				3875980C193DF4EB00A103E0 /* Sources */,
				3875980D193DF4EB00A103E0 /* Frameworks */,
				3875980E193DF4EB00A103E0 /* Resources */,
				02F29E8EBFE748BDB6ED0E78 /* Copy Pods Resources */,
			);
			buildRules = (
			);
			dependencies = (
			);
			name = TestYL;
			productName = TestYL;
			productReference = 38759810193DF4EB00A103E0 /* TestYL.app */;
			productType = "com.apple.product-type.application";
		};
		38759830193DF4EB00A103E0 /* TestYLTests */ = {
			isa = PBXNativeTarget;
			buildConfigurationList = 38759845193DF4EB00A103E0 /* Build configuration list for PBXNativeTarget "TestYLTests" */;
			buildPhases = (
				3875982D193DF4EB00A103E0 /* Sources */,
				3875982E193DF4EB00A103E0 /* Frameworks */,
				3875982F193DF4EB00A103E0 /* Resources */,
			);
			buildRules = (
			);
			dependencies = (
				38759837193DF4EB00A103E0 /* PBXTargetDependency */,
			);
			name = TestYLTests;
			productName = TestYLTests;
			productReference = 38759831193DF4EB00A103E0 /* TestYLTests.xctest */;
			productType = "com.apple.product-type.bundle.unit-test";
		};
/* End PBXNativeTarget section */

/* Begin PBXProject section */
		38759808193DF4EB00A103E0 /* Project object */ = {
			isa = PBXProject;
			attributes = {
				LastUpgradeCheck = 0510;
				ORGANIZATIONNAME = YL;
				TargetAttributes = {
					38759830193DF4EB00A103E0 = {
						TestTargetID = 3875980F193DF4EB00A103E0;
					};
				};
			};
			buildConfigurationList = 3875980B193DF4EB00A103E0 /* Build configuration list for PBXProject "TestYL" */;
			compatibilityVersion = "Xcode 3.2";
			developmentRegion = English;
			hasScannedForEncodings = 0;
			knownRegions = (
				en,
				Base,
			);
			mainGroup = 38759807193DF4EB00A103E0;
			productRefGroup = 38759811193DF4EB00A103E0 /* Products */;
			projectDirPath = "";
			projectRoot = "";
			targets = (
				3875980F193DF4EB00A103E0 /* TestYL */,
				38759830193DF4EB00A103E0 /* TestYLTests */,
			);
		};
/* End PBXProject section */

/* Begin PBXResourcesBuildPhase section */
		3875980E193DF4EB00A103E0 /* Resources */ = {
			isa = PBXResourcesBuildPhase;
			buildActionMask = 2147483647;
			files = (
				FFAEAEDA1968220500F3ABDE /* LaunchScreenClear.png in Resources */,
				FF107D411965E099008399DA /* Main.storyboard in Resources */,
				FFAEAED91968220500F3ABDE /* LaunchScreen.png in Resources */,
				3875982C193DF4EB00A103E0 /* Images.xcassets in Resources */,
				FFAEAED81968220500F3ABDE /* BackNavButton.png in Resources */,
				FFAEAEDB1968220500F3ABDE /* RoundedRectButton.png in Resources */,
				FFAEAEDC1968220500F3ABDE /* YouLocalBackgroundLogo.png in Resources */,
				FFAEAED71968220500F3ABDE /* AddPhoto.png in Resources */,
				FFAEAEDF196822E200F3ABDE /* Lato-Bold.ttf in Resources */,
				FFAEAEE21968243500F3ABDE /* Lato-Regular.ttf in Resources */,
				FFAEAEE0196822E200F3ABDE /* Lato-Light.ttf in Resources */,
			);
			runOnlyForDeploymentPostprocessing = 0;
		};
		3875982F193DF4EB00A103E0 /* Resources */ = {
			isa = PBXResourcesBuildPhase;
			buildActionMask = 2147483647;
			files = (
				3875983D193DF4EB00A103E0 /* InfoPlist.strings in Resources */,
			);
			runOnlyForDeploymentPostprocessing = 0;
		};
/* End PBXResourcesBuildPhase section */

/* Begin PBXShellScriptBuildPhase section */
		02F29E8EBFE748BDB6ED0E78 /* Copy Pods Resources */ = {
			isa = PBXShellScriptBuildPhase;
			buildActionMask = 2147483647;
			files = (
			);
			inputPaths = (
			);
			name = "Copy Pods Resources";
			outputPaths = (
			);
			runOnlyForDeploymentPostprocessing = 0;
			shellPath = /bin/sh;
			shellScript = "\"${SRCROOT}/Pods/Pods-TestYL-resources.sh\"\n";
			showEnvVarsInLog = 0;
		};
		E4CCB5D7F94F408C8E0138FB /* Check Pods Manifest.lock */ = {
			isa = PBXShellScriptBuildPhase;
			buildActionMask = 2147483647;
			files = (
			);
			inputPaths = (
			);
			name = "Check Pods Manifest.lock";
			outputPaths = (
			);
			runOnlyForDeploymentPostprocessing = 0;
			shellPath = /bin/sh;
			shellScript = "diff \"${PODS_ROOT}/../Podfile.lock\" \"${PODS_ROOT}/Manifest.lock\" > /dev/null\nif [[ $? != 0 ]] ; then\n    cat << EOM\nerror: The sandbox is not in sync with the Podfile.lock. Run 'pod install' or update your CocoaPods installation.\nEOM\n    exit 1\nfi\n";
			showEnvVarsInLog = 0;
		};
/* End PBXShellScriptBuildPhase section */

/* Begin PBXSourcesBuildPhase section */
		3875980C193DF4EB00A103E0 /* Sources */ = {
			isa = PBXSourcesBuildPhase;
			buildActionMask = 2147483647;
			files = (
				FFAEAECD196813FE00F3ABDE /* UIConstants.m in Sources */,
				FFAEAEAE1967FA7800F3ABDE /* BBlock.m in Sources */,
				FFAEAEEB19686FCF00F3ABDE /* RecoverPasswordViewController.m in Sources */,
				FFAEAEB51967FA7800F3ABDE /* YLColors.m in Sources */,
				FFAEAEBC1967FA7800F3ABDE /* globals.m in Sources */,
				FFAEAEB91967FA7800F3ABDE /* LoginController.m in Sources */,
				FFAEAEBA1967FA7800F3ABDE /* LoginForm.m in Sources */,
				FFAEAEF519689A3700F3ABDE /* RoundedButton.m in Sources */,
				FFAEAEC31967FA7800F3ABDE /* LoginViewController.m in Sources */,
				FFAEAEB11967FA7800F3ABDE /* UIColor+VeplayCommon.m in Sources */,
				FFAEAEAF1967FA7800F3ABDE /* MKCircleView+VeplayCommon.m in Sources */,
				FFAEAEA41967FA7800F3ABDE /* BaseForm.m in Sources */,
				FFAEAEB81967FA7800F3ABDE /* YLSliderValues.m in Sources */,
				FFAFF593196944D100082D42 /* FormController.m in Sources */,
				FF107D3F1965E045008399DA /* main.m in Sources */,
				FFAEAEAB1967FA7800F3ABDE /* BaseSegment.m in Sources */,
				FFAEAEB61967FA7800F3ABDE /* YLDistance.m in Sources */,
				FFAEAEA61967FA7800F3ABDE /* BaseFormController.m in Sources */,
				FFAEAEB21967FA7800F3ABDE /* UIImage+VeplayCommon.m in Sources */,
				FFAEAEA81967FA7800F3ABDE /* BaseLabel.m in Sources */,
				FFAEAEC41967FA7800F3ABDE /* NavigationViewController.m in Sources */,
				FFAEAEB31967FA7800F3ABDE /* UIView+FrameAdditions.m in Sources */,
				FFAFF59019693BB200082D42 /* RegisterForm.m in Sources */,
				FFAEAEB01967FA7800F3ABDE /* MKMapView+ZoomLevel.m in Sources */,
				FFAEAEAD1967FA7800F3ABDE /* BaseUserAvatarView.m in Sources */,
				FFAEAEA91967FA7800F3ABDE /* BaseMapImageOverlay.m in Sources */,
				FFAEAEC71967FB3700F3ABDE /* BaseController.m in Sources */,
				FFAEAEAA1967FA7800F3ABDE /* BaseMapImageOverlayView.m in Sources */,
				FFAEAEEE1968882C00F3ABDE /* PasswordRecoveryController.m in Sources */,
				FFAEAEBB1967FA7800F3ABDE /* AppDelegate.m in Sources */,
				FFAEAEA51967FA7800F3ABDE /* BaseFormCells.m in Sources */,
				FFAEAEAC1967FA7800F3ABDE /* BaseUserAvatar.m in Sources */,
				FFAEAEB41967FA7800F3ABDE /* YLBirthDateModel.m in Sources */,
				FFAEAEF81968A44500F3ABDE /* RegisterViewController.m in Sources */,
				FFAEAEF1196888BC00F3ABDE /* RecoveryForm.m in Sources */,
				FFAEAEB71967FA7800F3ABDE /* YLDistanceTransformer.m in Sources */,
				FFAEAEA71967FA7800F3ABDE /* BaseFormTableView.m in Sources */,
				FFAEAEE819686C8B00F3ABDE /* ViewControllerSegue.m in Sources */,
			);
			runOnlyForDeploymentPostprocessing = 0;
		};
		3875982D193DF4EB00A103E0 /* Sources */ = {
			isa = PBXSourcesBuildPhase;
			buildActionMask = 2147483647;
			files = (
				3875983F193DF4EB00A103E0 /* TestYLTests.m in Sources */,
			);
			runOnlyForDeploymentPostprocessing = 0;
		};
/* End PBXSourcesBuildPhase section */

/* Begin PBXTargetDependency section */
		38759837193DF4EB00A103E0 /* PBXTargetDependency */ = {
			isa = PBXTargetDependency;
			target = 3875980F193DF4EB00A103E0 /* TestYL */;
			targetProxy = 38759836193DF4EB00A103E0 /* PBXContainerItemProxy */;
		};
/* End PBXTargetDependency section */

/* Begin PBXVariantGroup section */
		38759825193DF4EB00A103E0 /* Main.storyboard */ = {
			isa = PBXVariantGroup;
			children = (
				38759826193DF4EB00A103E0 /* Base */,
			);
			name = Main.storyboard;
			sourceTree = "<group>";
		};
		3875983B193DF4EB00A103E0 /* InfoPlist.strings */ = {
			isa = PBXVariantGroup;
			children = (
				3875983C193DF4EB00A103E0 /* en */,
			);
			name = InfoPlist.strings;
			sourceTree = "<group>";
		};
/* End PBXVariantGroup section */

/* Begin XCBuildConfiguration section */
		38759840193DF4EB00A103E0 /* Debug */ = {
			isa = XCBuildConfiguration;
			buildSettings = {
				ALWAYS_SEARCH_USER_PATHS = NO;
				CLANG_CXX_LANGUAGE_STANDARD = "gnu++0x";
				CLANG_CXX_LIBRARY = "libc++";
				CLANG_ENABLE_MODULES = YES;
				CLANG_ENABLE_OBJC_ARC = YES;
				CLANG_WARN_BOOL_CONVERSION = YES;
				CLANG_WARN_CONSTANT_CONVERSION = YES;
				CLANG_WARN_DIRECT_OBJC_ISA_USAGE = YES_ERROR;
				CLANG_WARN_EMPTY_BODY = YES;
				CLANG_WARN_ENUM_CONVERSION = YES;
				CLANG_WARN_INT_CONVERSION = YES;
				CLANG_WARN_OBJC_ROOT_CLASS = YES_ERROR;
				CLANG_WARN__DUPLICATE_METHOD_MATCH = YES;
				"CODE_SIGN_IDENTITY[sdk=iphoneos*]" = "iPhone Developer";
				COPY_PHASE_STRIP = NO;
				GCC_C_LANGUAGE_STANDARD = gnu99;
				GCC_DYNAMIC_NO_PIC = NO;
				GCC_OPTIMIZATION_LEVEL = 0;
				GCC_PREPROCESSOR_DEFINITIONS = (
					"DEBUG=1",
					"$(inherited)",
				);
				GCC_SYMBOLS_PRIVATE_EXTERN = NO;
				GCC_WARN_64_TO_32_BIT_CONVERSION = YES;
				GCC_WARN_ABOUT_RETURN_TYPE = YES_ERROR;
				GCC_WARN_UNDECLARED_SELECTOR = YES;
				GCC_WARN_UNINITIALIZED_AUTOS = YES_AGGRESSIVE;
				GCC_WARN_UNUSED_FUNCTION = YES;
				GCC_WARN_UNUSED_VARIABLE = YES;
				IPHONEOS_DEPLOYMENT_TARGET = 6.0;
				ONLY_ACTIVE_ARCH = YES;
				SDKROOT = iphoneos;
			};
			name = Debug;
		};
		38759841193DF4EB00A103E0 /* Release */ = {
			isa = XCBuildConfiguration;
			buildSettings = {
				ALWAYS_SEARCH_USER_PATHS = NO;
				CLANG_CXX_LANGUAGE_STANDARD = "gnu++0x";
				CLANG_CXX_LIBRARY = "libc++";
				CLANG_ENABLE_MODULES = YES;
				CLANG_ENABLE_OBJC_ARC = YES;
				CLANG_WARN_BOOL_CONVERSION = YES;
				CLANG_WARN_CONSTANT_CONVERSION = YES;
				CLANG_WARN_DIRECT_OBJC_ISA_USAGE = YES_ERROR;
				CLANG_WARN_EMPTY_BODY = YES;
				CLANG_WARN_ENUM_CONVERSION = YES;
				CLANG_WARN_INT_CONVERSION = YES;
				CLANG_WARN_OBJC_ROOT_CLASS = YES_ERROR;
				CLANG_WARN__DUPLICATE_METHOD_MATCH = YES;
				"CODE_SIGN_IDENTITY[sdk=iphoneos*]" = "iPhone Developer";
				COPY_PHASE_STRIP = YES;
				ENABLE_NS_ASSERTIONS = NO;
				GCC_C_LANGUAGE_STANDARD = gnu99;
				GCC_WARN_64_TO_32_BIT_CONVERSION = YES;
				GCC_WARN_ABOUT_RETURN_TYPE = YES_ERROR;
				GCC_WARN_UNDECLARED_SELECTOR = YES;
				GCC_WARN_UNINITIALIZED_AUTOS = YES_AGGRESSIVE;
				GCC_WARN_UNUSED_FUNCTION = YES;
				GCC_WARN_UNUSED_VARIABLE = YES;
				IPHONEOS_DEPLOYMENT_TARGET = 6.0;
				SDKROOT = iphoneos;
				VALIDATE_PRODUCT = YES;
			};
			name = Release;
		};
		38759843193DF4EB00A103E0 /* Debug */ = {
			isa = XCBuildConfiguration;
			baseConfigurationReference = 9D6C7C1122B94DA4BF061AC2 /* Pods-TestYL.xcconfig */;
			buildSettings = {
				ASSETCATALOG_COMPILER_APPICON_NAME = AppIcon;
				ASSETCATALOG_COMPILER_LAUNCHIMAGE_NAME = LaunchImage;
				GCC_PRECOMPILE_PREFIX_HEADER = YES;
				GCC_PREFIX_HEADER = "TestYL/TestYL-Prefix.pch";
				INFOPLIST_FILE = "TestYL/TestYL-Info.plist";
				PRODUCT_NAME = "$(TARGET_NAME)";
				WRAPPER_EXTENSION = app;
			};
			name = Debug;
		};
		38759844193DF4EB00A103E0 /* Release */ = {
			isa = XCBuildConfiguration;
			baseConfigurationReference = 9D6C7C1122B94DA4BF061AC2 /* Pods-TestYL.xcconfig */;
			buildSettings = {
				ASSETCATALOG_COMPILER_APPICON_NAME = AppIcon;
				ASSETCATALOG_COMPILER_LAUNCHIMAGE_NAME = LaunchImage;
				GCC_PRECOMPILE_PREFIX_HEADER = YES;
				GCC_PREFIX_HEADER = "TestYL/TestYL-Prefix.pch";
				INFOPLIST_FILE = "TestYL/TestYL-Info.plist";
				PRODUCT_NAME = "$(TARGET_NAME)";
				WRAPPER_EXTENSION = app;
			};
			name = Release;
		};
		38759846193DF4EB00A103E0 /* Debug */ = {
			isa = XCBuildConfiguration;
			buildSettings = {
				BUNDLE_LOADER = "$(BUILT_PRODUCTS_DIR)/TestYL.app/TestYL";
				FRAMEWORK_SEARCH_PATHS = (
					"$(SDKROOT)/Developer/Library/Frameworks",
					"$(inherited)",
					"$(DEVELOPER_FRAMEWORKS_DIR)",
				);
				GCC_PRECOMPILE_PREFIX_HEADER = YES;
				GCC_PREFIX_HEADER = "TestYL/TestYL-Prefix.pch";
				GCC_PREPROCESSOR_DEFINITIONS = (
					"DEBUG=1",
					"$(inherited)",
				);
				INFOPLIST_FILE = "TestYLTests/TestYLTests-Info.plist";
				PRODUCT_NAME = "$(TARGET_NAME)";
				TEST_HOST = "$(BUNDLE_LOADER)";
				WRAPPER_EXTENSION = xctest;
			};
			name = Debug;
		};
		38759847193DF4EB00A103E0 /* Release */ = {
			isa = XCBuildConfiguration;
			buildSettings = {
				BUNDLE_LOADER = "$(BUILT_PRODUCTS_DIR)/TestYL.app/TestYL";
				FRAMEWORK_SEARCH_PATHS = (
					"$(SDKROOT)/Developer/Library/Frameworks",
					"$(inherited)",
					"$(DEVELOPER_FRAMEWORKS_DIR)",
				);
				GCC_PRECOMPILE_PREFIX_HEADER = YES;
				GCC_PREFIX_HEADER = "TestYL/TestYL-Prefix.pch";
				INFOPLIST_FILE = "TestYLTests/TestYLTests-Info.plist";
				PRODUCT_NAME = "$(TARGET_NAME)";
				TEST_HOST = "$(BUNDLE_LOADER)";
				WRAPPER_EXTENSION = xctest;
			};
			name = Release;
		};
/* End XCBuildConfiguration section */

/* Begin XCConfigurationList section */
		3875980B193DF4EB00A103E0 /* Build configuration list for PBXProject "TestYL" */ = {
			isa = XCConfigurationList;
			buildConfigurations = (
				38759840193DF4EB00A103E0 /* Debug */,
				38759841193DF4EB00A103E0 /* Release */,
			);
			defaultConfigurationIsVisible = 0;
			defaultConfigurationName = Release;
		};
		38759842193DF4EB00A103E0 /* Build configuration list for PBXNativeTarget "TestYL" */ = {
			isa = XCConfigurationList;
			buildConfigurations = (
				38759843193DF4EB00A103E0 /* Debug */,
				38759844193DF4EB00A103E0 /* Release */,
			);
			defaultConfigurationIsVisible = 0;
			defaultConfigurationName = Release;
		};
		38759845193DF4EB00A103E0 /* Build configuration list for PBXNativeTarget "TestYLTests" */ = {
			isa = XCConfigurationList;
			buildConfigurations = (
				38759846193DF4EB00A103E0 /* Debug */,
				38759847193DF4EB00A103E0 /* Release */,
			);
			defaultConfigurationIsVisible = 0;
			defaultConfigurationName = Release;
		};
/* End XCConfigurationList section */
	};
	rootObject = 38759808193DF4EB00A103E0 /* Project object */;
}
