// !$*UTF8*$!
{
	archiveVersion = 1;
	classes = {
	};
	objectVersion = 46;
	objects = {

/* Begin PBXBuildFile section */
		38759814193DF4EB00A103E0 /* Foundation.framework in Frameworks */ = {isa = PBXBuildFile; fileRef = 38759813193DF4EB00A103E0 /* Foundation.framework */; };
		38759816193DF4EB00A103E0 /* CoreGraphics.framework in Frameworks */ = {isa = PBXBuildFile; fileRef = 38759815193DF4EB00A103E0 /* CoreGraphics.framework */; };
		38759818193DF4EB00A103E0 /* UIKit.framework in Frameworks */ = {isa = PBXBuildFile; fileRef = 38759817193DF4EB00A103E0 /* UIKit.framework */; };
		3875982C193DF4EB00A103E0 /* Images.xcassets in Resources */ = {isa = PBXBuildFile; fileRef = 3875982B193DF4EB00A103E0 /* Images.xcassets */; };
		38759833193DF4EB00A103E0 /* XCTest.framework in Frameworks */ = {isa = PBXBuildFile; fileRef = 38759832193DF4EB00A103E0 /* XCTest.framework */; };
		38759834193DF4EB00A103E0 /* Foundation.framework in Frameworks */ = {isa = PBXBuildFile; fileRef = 38759813193DF4EB00A103E0 /* Foundation.framework */; };
		38759835193DF4EB00A103E0 /* UIKit.framework in Frameworks */ = {isa = PBXBuildFile; fileRef = 38759817193DF4EB00A103E0 /* UIKit.framework */; };
		3875983D193DF4EB00A103E0 /* InfoPlist.strings in Resources */ = {isa = PBXBuildFile; fileRef = 3875983B193DF4EB00A103E0 /* InfoPlist.strings */; };
		3875983F193DF4EB00A103E0 /* TestYLTests.m in Sources */ = {isa = PBXBuildFile; fileRef = 3875983E193DF4EB00A103E0 /* TestYLTests.m */; };
		D7735D2FFD70421EA44C1E1C /* libPods-TestYL.a in Frameworks */ = {isa = PBXBuildFile; fileRef = 435D84CA3F3742109639C407 /* libPods-TestYL.a */; };
		FF107C6B1965DC1D008399DA /* LoginViewController.m in Sources */ = {isa = PBXBuildFile; fileRef = FF107C6A1965DC1D008399DA /* LoginViewController.m */; };
		FF107C6E1965DC50008399DA /* NavigationViewController.m in Sources */ = {isa = PBXBuildFile; fileRef = FF107C6D1965DC50008399DA /* NavigationViewController.m */; };
		FF107D1A1965DEE9008399DA /* BaseForm.m in Sources */ = {isa = PBXBuildFile; fileRef = FF107CF11965DEE9008399DA /* BaseForm.m */; };
		FF107D1B1965DEE9008399DA /* BaseFormCells.m in Sources */ = {isa = PBXBuildFile; fileRef = FF107CF31965DEE9008399DA /* BaseFormCells.m */; };
		FF107D1C1965DEE9008399DA /* BaseFormController.m in Sources */ = {isa = PBXBuildFile; fileRef = FF107CF51965DEE9008399DA /* BaseFormController.m */; };
		FF107D1D1965DEE9008399DA /* BaseFormTableView.m in Sources */ = {isa = PBXBuildFile; fileRef = FF107CF71965DEE9008399DA /* BaseFormTableView.m */; };
		FF107D1E1965DEE9008399DA /* BaseLabel.m in Sources */ = {isa = PBXBuildFile; fileRef = FF107CF91965DEE9008399DA /* BaseLabel.m */; };
		FF107D1F1965DEE9008399DA /* BaseMapImageOverlay.m in Sources */ = {isa = PBXBuildFile; fileRef = FF107CFB1965DEE9008399DA /* BaseMapImageOverlay.m */; };
		FF107D201965DEE9008399DA /* BaseMapImageOverlayView.m in Sources */ = {isa = PBXBuildFile; fileRef = FF107CFD1965DEE9008399DA /* BaseMapImageOverlayView.m */; };
		FF107D211965DEE9008399DA /* BaseSegment.m in Sources */ = {isa = PBXBuildFile; fileRef = FF107CFF1965DEE9008399DA /* BaseSegment.m */; };
		FF107D221965DEE9008399DA /* BaseUserAvatar.m in Sources */ = {isa = PBXBuildFile; fileRef = FF107D011965DEE9008399DA /* BaseUserAvatar.m */; };
		FF107D231965DEE9008399DA /* BaseUserAvatarView.m in Sources */ = {isa = PBXBuildFile; fileRef = FF107D031965DEE9008399DA /* BaseUserAvatarView.m */; };
		FF107D241965DEE9008399DA /* BBlock.m in Sources */ = {isa = PBXBuildFile; fileRef = FF107D051965DEE9008399DA /* BBlock.m */; };
		FF107D251965DEE9008399DA /* MKCircleView+VeplayCommon.m in Sources */ = {isa = PBXBuildFile; fileRef = FF107D071965DEE9008399DA /* MKCircleView+VeplayCommon.m */; };
		FF107D261965DEE9008399DA /* MKMapView+ZoomLevel.m in Sources */ = {isa = PBXBuildFile; fileRef = FF107D091965DEE9008399DA /* MKMapView+ZoomLevel.m */; };
		FF107D271965DEE9008399DA /* UIColor+VeplayCommon.m in Sources */ = {isa = PBXBuildFile; fileRef = FF107D0B1965DEE9008399DA /* UIColor+VeplayCommon.m */; };
		FF107D281965DEE9008399DA /* UIImage+VeplayCommon.m in Sources */ = {isa = PBXBuildFile; fileRef = FF107D0D1965DEE9008399DA /* UIImage+VeplayCommon.m */; };
		FF107D291965DEE9008399DA /* UIView+FrameAdditions.m in Sources */ = {isa = PBXBuildFile; fileRef = FF107D0F1965DEE9008399DA /* UIView+FrameAdditions.m */; };
		FF107D2A1965DEE9008399DA /* YLBirthDateModel.m in Sources */ = {isa = PBXBuildFile; fileRef = FF107D111965DEE9008399DA /* YLBirthDateModel.m */; };
		FF107D2B1965DEE9008399DA /* YLColors.m in Sources */ = {isa = PBXBuildFile; fileRef = FF107D131965DEE9008399DA /* YLColors.m */; };
		FF107D2C1965DEE9008399DA /* YLDistance.m in Sources */ = {isa = PBXBuildFile; fileRef = FF107D151965DEE9008399DA /* YLDistance.m */; };
		FF107D2D1965DEE9008399DA /* YLDistanceTransformer.m in Sources */ = {isa = PBXBuildFile; fileRef = FF107D171965DEE9008399DA /* YLDistanceTransformer.m */; };
		FF107D2E1965DEE9008399DA /* YLSliderValues.m in Sources */ = {isa = PBXBuildFile; fileRef = FF107D191965DEE9008399DA /* YLSliderValues.m */; };
		FF107D341965DF79008399DA /* AppDelegate.m in Sources */ = {isa = PBXBuildFile; fileRef = FF107D311965DF79008399DA /* AppDelegate.m */; };
		FF107D351965DF79008399DA /* globals.m in Sources */ = {isa = PBXBuildFile; fileRef = FF107D331965DF79008399DA /* globals.m */; };
		FF107D3F1965E045008399DA /* main.m in Sources */ = {isa = PBXBuildFile; fileRef = FF107D3C1965E045008399DA /* main.m */; };
		FF107D411965E099008399DA /* Main.storyboard in Resources */ = {isa = PBXBuildFile; fileRef = 38759825193DF4EB00A103E0 /* Main.storyboard */; };
		FF107D481965E21A008399DA /* AddPhoto.png in Resources */ = {isa = PBXBuildFile; fileRef = FF107D431965E21A008399DA /* AddPhoto.png */; };
		FF107D491965E21A008399DA /* BackNavButton.png in Resources */ = {isa = PBXBuildFile; fileRef = FF107D441965E21A008399DA /* BackNavButton.png */; };
		FF107D4A1965E21A008399DA /* LaunchScreen.png in Resources */ = {isa = PBXBuildFile; fileRef = FF107D451965E21A008399DA /* LaunchScreen.png */; };
		FF107D4B1965E21A008399DA /* LaunchScreenClear.png in Resources */ = {isa = PBXBuildFile; fileRef = FF107D461965E21A008399DA /* LaunchScreenClear.png */; };
		FF107D4C1965E21A008399DA /* RoundedRectButton.png in Resources */ = {isa = PBXBuildFile; fileRef = FF107D471965E21A008399DA /* RoundedRectButton.png */; };
/* End PBXBuildFile section */

/* Begin PBXContainerItemProxy section */
		38759836193DF4EB00A103E0 /* PBXContainerItemProxy */ = {
			isa = PBXContainerItemProxy;
			containerPortal = 38759808193DF4EB00A103E0 /* Project object */;
			proxyType = 1;
			remoteGlobalIDString = 3875980F193DF4EB00A103E0;
			remoteInfo = TestYL;
		};
/* End PBXContainerItemProxy section */

/* Begin PBXFileReference section */
		38759810193DF4EB00A103E0 /* TestYL.app */ = {isa = PBXFileReference; explicitFileType = wrapper.application; includeInIndex = 0; path = TestYL.app; sourceTree = BUILT_PRODUCTS_DIR; };
		38759813193DF4EB00A103E0 /* Foundation.framework */ = {isa = PBXFileReference; lastKnownFileType = wrapper.framework; name = Foundation.framework; path = System/Library/Frameworks/Foundation.framework; sourceTree = SDKROOT; };
		38759815193DF4EB00A103E0 /* CoreGraphics.framework */ = {isa = PBXFileReference; lastKnownFileType = wrapper.framework; name = CoreGraphics.framework; path = System/Library/Frameworks/CoreGraphics.framework; sourceTree = SDKROOT; };
		38759817193DF4EB00A103E0 /* UIKit.framework */ = {isa = PBXFileReference; lastKnownFileType = wrapper.framework; name = UIKit.framework; path = System/Library/Frameworks/UIKit.framework; sourceTree = SDKROOT; };
		38759826193DF4EB00A103E0 /* Base */ = {isa = PBXFileReference; lastKnownFileType = file.storyboard; name = Base; path = Base.lproj/Main.storyboard; sourceTree = "<group>"; };
		3875982B193DF4EB00A103E0 /* Images.xcassets */ = {isa = PBXFileReference; lastKnownFileType = folder.assetcatalog; path = Images.xcassets; sourceTree = "<group>"; };
		38759831193DF4EB00A103E0 /* TestYLTests.xctest */ = {isa = PBXFileReference; explicitFileType = wrapper.cfbundle; includeInIndex = 0; path = TestYLTests.xctest; sourceTree = BUILT_PRODUCTS_DIR; };
		38759832193DF4EB00A103E0 /* XCTest.framework */ = {isa = PBXFileReference; lastKnownFileType = wrapper.framework; name = XCTest.framework; path = Library/Frameworks/XCTest.framework; sourceTree = DEVELOPER_DIR; };
		3875983A193DF4EB00A103E0 /* TestYLTests-Info.plist */ = {isa = PBXFileReference; lastKnownFileType = text.plist.xml; path = "TestYLTests-Info.plist"; sourceTree = "<group>"; };
		3875983C193DF4EB00A103E0 /* en */ = {isa = PBXFileReference; lastKnownFileType = text.plist.strings; name = en; path = en.lproj/InfoPlist.strings; sourceTree = "<group>"; };
		3875983E193DF4EB00A103E0 /* TestYLTests.m */ = {isa = PBXFileReference; lastKnownFileType = sourcecode.c.objc; path = TestYLTests.m; sourceTree = "<group>"; };
		435D84CA3F3742109639C407 /* libPods-TestYL.a */ = {isa = PBXFileReference; explicitFileType = archive.ar; includeInIndex = 0; path = "libPods-TestYL.a"; sourceTree = BUILT_PRODUCTS_DIR; };
		9D6C7C1122B94DA4BF061AC2 /* Pods-TestYL.xcconfig */ = {isa = PBXFileReference; includeInIndex = 1; lastKnownFileType = text.xcconfig; name = "Pods-TestYL.xcconfig"; path = "Pods/Pods-TestYL.xcconfig"; sourceTree = "<group>"; };
		FF107C691965DC1D008399DA /* LoginViewController.h */ = {isa = PBXFileReference; fileEncoding = 4; lastKnownFileType = sourcecode.c.h; path = LoginViewController.h; sourceTree = "<group>"; };
		FF107C6A1965DC1D008399DA /* LoginViewController.m */ = {isa = PBXFileReference; fileEncoding = 4; lastKnownFileType = sourcecode.c.objc; path = LoginViewController.m; sourceTree = "<group>"; };
		FF107C6C1965DC50008399DA /* NavigationViewController.h */ = {isa = PBXFileReference; fileEncoding = 4; lastKnownFileType = sourcecode.c.h; path = NavigationViewController.h; sourceTree = "<group>"; };
		FF107C6D1965DC50008399DA /* NavigationViewController.m */ = {isa = PBXFileReference; fileEncoding = 4; lastKnownFileType = sourcecode.c.objc; path = NavigationViewController.m; sourceTree = "<group>"; };
		FF107CF01965DEE9008399DA /* BaseForm.h */ = {isa = PBXFileReference; fileEncoding = 4; lastKnownFileType = sourcecode.c.h; path = BaseForm.h; sourceTree = "<group>"; };
		FF107CF11965DEE9008399DA /* BaseForm.m */ = {isa = PBXFileReference; fileEncoding = 4; lastKnownFileType = sourcecode.c.objc; path = BaseForm.m; sourceTree = "<group>"; };
		FF107CF21965DEE9008399DA /* BaseFormCells.h */ = {isa = PBXFileReference; fileEncoding = 4; lastKnownFileType = sourcecode.c.h; path = BaseFormCells.h; sourceTree = "<group>"; };
		FF107CF31965DEE9008399DA /* BaseFormCells.m */ = {isa = PBXFileReference; fileEncoding = 4; lastKnownFileType = sourcecode.c.objc; path = BaseFormCells.m; sourceTree = "<group>"; };
		FF107CF41965DEE9008399DA /* BaseFormController.h */ = {isa = PBXFileReference; fileEncoding = 4; lastKnownFileType = sourcecode.c.h; path = BaseFormController.h; sourceTree = "<group>"; };
		FF107CF51965DEE9008399DA /* BaseFormController.m */ = {isa = PBXFileReference; fileEncoding = 4; lastKnownFileType = sourcecode.c.objc; path = BaseFormController.m; sourceTree = "<group>"; };
		FF107CF61965DEE9008399DA /* BaseFormTableView.h */ = {isa = PBXFileReference; fileEncoding = 4; lastKnownFileType = sourcecode.c.h; path = BaseFormTableView.h; sourceTree = "<group>"; };
		FF107CF71965DEE9008399DA /* BaseFormTableView.m */ = {isa = PBXFileReference; fileEncoding = 4; lastKnownFileType = sourcecode.c.objc; path = BaseFormTableView.m; sourceTree = "<group>"; };
		FF107CF81965DEE9008399DA /* BaseLabel.h */ = {isa = PBXFileReference; fileEncoding = 4; lastKnownFileType = sourcecode.c.h; path = BaseLabel.h; sourceTree = "<group>"; };
		FF107CF91965DEE9008399DA /* BaseLabel.m */ = {isa = PBXFileReference; fileEncoding = 4; lastKnownFileType = sourcecode.c.objc; path = BaseLabel.m; sourceTree = "<group>"; };
		FF107CFA1965DEE9008399DA /* BaseMapImageOverlay.h */ = {isa = PBXFileReference; fileEncoding = 4; lastKnownFileType = sourcecode.c.h; path = BaseMapImageOverlay.h; sourceTree = "<group>"; };
		FF107CFB1965DEE9008399DA /* BaseMapImageOverlay.m */ = {isa = PBXFileReference; fileEncoding = 4; lastKnownFileType = sourcecode.c.objc; path = BaseMapImageOverlay.m; sourceTree = "<group>"; };
		FF107CFC1965DEE9008399DA /* BaseMapImageOverlayView.h */ = {isa = PBXFileReference; fileEncoding = 4; lastKnownFileType = sourcecode.c.h; path = BaseMapImageOverlayView.h; sourceTree = "<group>"; };
		FF107CFD1965DEE9008399DA /* BaseMapImageOverlayView.m */ = {isa = PBXFileReference; fileEncoding = 4; lastKnownFileType = sourcecode.c.objc; path = BaseMapImageOverlayView.m; sourceTree = "<group>"; };
		FF107CFE1965DEE9008399DA /* BaseSegment.h */ = {isa = PBXFileReference; fileEncoding = 4; lastKnownFileType = sourcecode.c.h; path = BaseSegment.h; sourceTree = "<group>"; };
		FF107CFF1965DEE9008399DA /* BaseSegment.m */ = {isa = PBXFileReference; fileEncoding = 4; lastKnownFileType = sourcecode.c.objc; path = BaseSegment.m; sourceTree = "<group>"; };
		FF107D001965DEE9008399DA /* BaseUserAvatar.h */ = {isa = PBXFileReference; fileEncoding = 4; lastKnownFileType = sourcecode.c.h; path = BaseUserAvatar.h; sourceTree = "<group>"; };
		FF107D011965DEE9008399DA /* BaseUserAvatar.m */ = {isa = PBXFileReference; fileEncoding = 4; lastKnownFileType = sourcecode.c.objc; path = BaseUserAvatar.m; sourceTree = "<group>"; };
		FF107D021965DEE9008399DA /* BaseUserAvatarView.h */ = {isa = PBXFileReference; fileEncoding = 4; lastKnownFileType = sourcecode.c.h; path = BaseUserAvatarView.h; sourceTree = "<group>"; };
		FF107D031965DEE9008399DA /* BaseUserAvatarView.m */ = {isa = PBXFileReference; fileEncoding = 4; lastKnownFileType = sourcecode.c.objc; path = BaseUserAvatarView.m; sourceTree = "<group>"; };
		FF107D041965DEE9008399DA /* BBlock.h */ = {isa = PBXFileReference; fileEncoding = 4; lastKnownFileType = sourcecode.c.h; path = BBlock.h; sourceTree = "<group>"; };
		FF107D051965DEE9008399DA /* BBlock.m */ = {isa = PBXFileReference; fileEncoding = 4; lastKnownFileType = sourcecode.c.objc; path = BBlock.m; sourceTree = "<group>"; };
		FF107D061965DEE9008399DA /* MKCircleView+VeplayCommon.h */ = {isa = PBXFileReference; fileEncoding = 4; lastKnownFileType = sourcecode.c.h; path = "MKCircleView+VeplayCommon.h"; sourceTree = "<group>"; };
		FF107D071965DEE9008399DA /* MKCircleView+VeplayCommon.m */ = {isa = PBXFileReference; fileEncoding = 4; lastKnownFileType = sourcecode.c.objc; path = "MKCircleView+VeplayCommon.m"; sourceTree = "<group>"; };
		FF107D081965DEE9008399DA /* MKMapView+ZoomLevel.h */ = {isa = PBXFileReference; fileEncoding = 4; lastKnownFileType = sourcecode.c.h; path = "MKMapView+ZoomLevel.h"; sourceTree = "<group>"; };
		FF107D091965DEE9008399DA /* MKMapView+ZoomLevel.m */ = {isa = PBXFileReference; fileEncoding = 4; lastKnownFileType = sourcecode.c.objc; path = "MKMapView+ZoomLevel.m"; sourceTree = "<group>"; };
		FF107D0A1965DEE9008399DA /* UIColor+VeplayCommon.h */ = {isa = PBXFileReference; fileEncoding = 4; lastKnownFileType = sourcecode.c.h; path = "UIColor+VeplayCommon.h"; sourceTree = "<group>"; };
		FF107D0B1965DEE9008399DA /* UIColor+VeplayCommon.m */ = {isa = PBXFileReference; fileEncoding = 4; lastKnownFileType = sourcecode.c.objc; path = "UIColor+VeplayCommon.m"; sourceTree = "<group>"; };
		FF107D0C1965DEE9008399DA /* UIImage+VeplayCommon.h */ = {isa = PBXFileReference; fileEncoding = 4; lastKnownFileType = sourcecode.c.h; path = "UIImage+VeplayCommon.h"; sourceTree = "<group>"; };
		FF107D0D1965DEE9008399DA /* UIImage+VeplayCommon.m */ = {isa = PBXFileReference; fileEncoding = 4; lastKnownFileType = sourcecode.c.objc; path = "UIImage+VeplayCommon.m"; sourceTree = "<group>"; };
		FF107D0E1965DEE9008399DA /* UIView+FrameAdditions.h */ = {isa = PBXFileReference; fileEncoding = 4; lastKnownFileType = sourcecode.c.h; path = "UIView+FrameAdditions.h"; sourceTree = "<group>"; };
		FF107D0F1965DEE9008399DA /* UIView+FrameAdditions.m */ = {isa = PBXFileReference; fileEncoding = 4; lastKnownFileType = sourcecode.c.objc; path = "UIView+FrameAdditions.m"; sourceTree = "<group>"; };
		FF107D101965DEE9008399DA /* YLBirthDateModel.h */ = {isa = PBXFileReference; fileEncoding = 4; lastKnownFileType = sourcecode.c.h; path = YLBirthDateModel.h; sourceTree = "<group>"; };
		FF107D111965DEE9008399DA /* YLBirthDateModel.m */ = {isa = PBXFileReference; fileEncoding = 4; lastKnownFileType = sourcecode.c.objc; path = YLBirthDateModel.m; sourceTree = "<group>"; };
		FF107D121965DEE9008399DA /* YLColors.h */ = {isa = PBXFileReference; fileEncoding = 4; lastKnownFileType = sourcecode.c.h; path = YLColors.h; sourceTree = "<group>"; };
		FF107D131965DEE9008399DA /* YLColors.m */ = {isa = PBXFileReference; fileEncoding = 4; lastKnownFileType = sourcecode.c.objc; path = YLColors.m; sourceTree = "<group>"; };
		FF107D141965DEE9008399DA /* YLDistance.h */ = {isa = PBXFileReference; fileEncoding = 4; lastKnownFileType = sourcecode.c.h; path = YLDistance.h; sourceTree = "<group>"; };
		FF107D151965DEE9008399DA /* YLDistance.m */ = {isa = PBXFileReference; fileEncoding = 4; lastKnownFileType = sourcecode.c.objc; path = YLDistance.m; sourceTree = "<group>"; };
		FF107D161965DEE9008399DA /* YLDistanceTransformer.h */ = {isa = PBXFileReference; fileEncoding = 4; lastKnownFileType = sourcecode.c.h; path = YLDistanceTransformer.h; sourceTree = "<group>"; };
		FF107D171965DEE9008399DA /* YLDistanceTransformer.m */ = {isa = PBXFileReference; fileEncoding = 4; lastKnownFileType = sourcecode.c.objc; path = YLDistanceTransformer.m; sourceTree = "<group>"; };
		FF107D181965DEE9008399DA /* YLSliderValues.h */ = {isa = PBXFileReference; fileEncoding = 4; lastKnownFileType = sourcecode.c.h; path = YLSliderValues.h; sourceTree = "<group>"; };
		FF107D191965DEE9008399DA /* YLSliderValues.m */ = {isa = PBXFileReference; fileEncoding = 4; lastKnownFileType = sourcecode.c.objc; path = YLSliderValues.m; sourceTree = "<group>"; };
		FF107D301965DF79008399DA /* AppDelegate.h */ = {isa = PBXFileReference; fileEncoding = 4; lastKnownFileType = sourcecode.c.h; path = AppDelegate.h; sourceTree = "<group>"; };
		FF107D311965DF79008399DA /* AppDelegate.m */ = {isa = PBXFileReference; fileEncoding = 4; lastKnownFileType = sourcecode.c.objc; path = AppDelegate.m; sourceTree = "<group>"; };
		FF107D321965DF79008399DA /* globals.h */ = {isa = PBXFileReference; fileEncoding = 4; lastKnownFileType = sourcecode.c.h; path = globals.h; sourceTree = "<group>"; };
		FF107D331965DF79008399DA /* globals.m */ = {isa = PBXFileReference; fileEncoding = 4; lastKnownFileType = sourcecode.c.objc; path = globals.m; sourceTree = "<group>"; };
		FF107D3C1965E045008399DA /* main.m */ = {isa = PBXFileReference; fileEncoding = 4; lastKnownFileType = sourcecode.c.objc; path = main.m; sourceTree = "<group>"; };
		FF107D3D1965E045008399DA /* TestYL-Info.plist */ = {isa = PBXFileReference; fileEncoding = 4; lastKnownFileType = text.plist.xml; path = "TestYL-Info.plist"; sourceTree = "<group>"; };
		FF107D3E1965E045008399DA /* TestYL-Prefix.pch */ = {isa = PBXFileReference; fileEncoding = 4; lastKnownFileType = sourcecode.c.h; path = "TestYL-Prefix.pch"; sourceTree = "<group>"; };
		FF107D431965E21A008399DA /* AddPhoto.png */ = {isa = PBXFileReference; lastKnownFileType = image.png; path = AddPhoto.png; sourceTree = "<group>"; };
		FF107D441965E21A008399DA /* BackNavButton.png */ = {isa = PBXFileReference; lastKnownFileType = image.png; path = BackNavButton.png; sourceTree = "<group>"; };
		FF107D451965E21A008399DA /* LaunchScreen.png */ = {isa = PBXFileReference; lastKnownFileType = image.png; path = LaunchScreen.png; sourceTree = "<group>"; };
		FF107D461965E21A008399DA /* LaunchScreenClear.png */ = {isa = PBXFileReference; lastKnownFileType = image.png; path = LaunchScreenClear.png; sourceTree = "<group>"; };
		FF107D471965E21A008399DA /* RoundedRectButton.png */ = {isa = PBXFileReference; lastKnownFileType = image.png; path = RoundedRectButton.png; sourceTree = "<group>"; };
/* End PBXFileReference section */

/* Begin PBXFrameworksBuildPhase section */
		3875980D193DF4EB00A103E0 /* Frameworks */ = {
			isa = PBXFrameworksBuildPhase;
			buildActionMask = 2147483647;
			files = (
				38759816193DF4EB00A103E0 /* CoreGraphics.framework in Frameworks */,
				38759818193DF4EB00A103E0 /* UIKit.framework in Frameworks */,
				38759814193DF4EB00A103E0 /* Foundation.framework in Frameworks */,
				D7735D2FFD70421EA44C1E1C /* libPods-TestYL.a in Frameworks */,
			);
			runOnlyForDeploymentPostprocessing = 0;
		};
		3875982E193DF4EB00A103E0 /* Frameworks */ = {
			isa = PBXFrameworksBuildPhase;
			buildActionMask = 2147483647;
			files = (
				38759833193DF4EB00A103E0 /* XCTest.framework in Frameworks */,
				38759835193DF4EB00A103E0 /* UIKit.framework in Frameworks */,
				38759834193DF4EB00A103E0 /* Foundation.framework in Frameworks */,
			);
			runOnlyForDeploymentPostprocessing = 0;
		};
/* End PBXFrameworksBuildPhase section */

/* Begin PBXGroup section */
		38759807193DF4EB00A103E0 = {
			isa = PBXGroup;
			children = (
				FF107D421965E21A008399DA /* Images */,
				FF107CEF1965DEE9008399DA /* Base */,
				FF107C681965DBE2008399DA /* ViewControllers */,
				FF107D2F1965DF79008399DA /* General */,
				38759819193DF4EB00A103E0 /* TestYL */,
				38759838193DF4EB00A103E0 /* TestYLTests */,
				38759812193DF4EB00A103E0 /* Frameworks */,
				38759811193DF4EB00A103E0 /* Products */,
				9D6C7C1122B94DA4BF061AC2 /* Pods-TestYL.xcconfig */,
			);
			sourceTree = "<group>";
		};
		38759811193DF4EB00A103E0 /* Products */ = {
			isa = PBXGroup;
			children = (
				38759810193DF4EB00A103E0 /* TestYL.app */,
				38759831193DF4EB00A103E0 /* TestYLTests.xctest */,
			);
			name = Products;
			sourceTree = "<group>";
		};
		38759812193DF4EB00A103E0 /* Frameworks */ = {
			isa = PBXGroup;
			children = (
				38759813193DF4EB00A103E0 /* Foundation.framework */,
				38759815193DF4EB00A103E0 /* CoreGraphics.framework */,
				38759817193DF4EB00A103E0 /* UIKit.framework */,
				38759832193DF4EB00A103E0 /* XCTest.framework */,
				435D84CA3F3742109639C407 /* libPods-TestYL.a */,
			);
			name = Frameworks;
			sourceTree = "<group>";
		};
		38759819193DF4EB00A103E0 /* TestYL */ = {
			isa = PBXGroup;
			children = (
				FF107D3C1965E045008399DA /* main.m */,
				FF107D3D1965E045008399DA /* TestYL-Info.plist */,
				FF107D3E1965E045008399DA /* TestYL-Prefix.pch */,
				38759825193DF4EB00A103E0 /* Main.storyboard */,
				3875982B193DF4EB00A103E0 /* Images.xcassets */,
				3875981A193DF4EB00A103E0 /* Supporting Files */,
			);
			path = TestYL;
			sourceTree = "<group>";
		};
		3875981A193DF4EB00A103E0 /* Supporting Files */ = {
			isa = PBXGroup;
			children = (
			);
			name = "Supporting Files";
			sourceTree = "<group>";
		};
		38759838193DF4EB00A103E0 /* TestYLTests */ = {
			isa = PBXGroup;
			children = (
				3875983E193DF4EB00A103E0 /* TestYLTests.m */,
				38759839193DF4EB00A103E0 /* Supporting Files */,
			);
			path = TestYLTests;
			sourceTree = "<group>";
		};
		38759839193DF4EB00A103E0 /* Supporting Files */ = {
			isa = PBXGroup;
			children = (
				3875983A193DF4EB00A103E0 /* TestYLTests-Info.plist */,
				3875983B193DF4EB00A103E0 /* InfoPlist.strings */,
			);
			name = "Supporting Files";
			sourceTree = "<group>";
		};
		FF107C681965DBE2008399DA /* ViewControllers */ = {
			isa = PBXGroup;
			children = (
				FF107C691965DC1D008399DA /* LoginViewController.h */,
				FF107C6A1965DC1D008399DA /* LoginViewController.m */,
				FF107C6C1965DC50008399DA /* NavigationViewController.h */,
				FF107C6D1965DC50008399DA /* NavigationViewController.m */,
			);
			name = ViewControllers;
			path = TestYL/ViewControllers;
			sourceTree = "<group>";
		};
		FF107CEF1965DEE9008399DA /* Base */ = {
			isa = PBXGroup;
			children = (
				FF107CF01965DEE9008399DA /* BaseForm.h */,
				FF107CF11965DEE9008399DA /* BaseForm.m */,
				FF107CF21965DEE9008399DA /* BaseFormCells.h */,
				FF107CF31965DEE9008399DA /* BaseFormCells.m */,
				FF107CF41965DEE9008399DA /* BaseFormController.h */,
				FF107CF51965DEE9008399DA /* BaseFormController.m */,
				FF107CF61965DEE9008399DA /* BaseFormTableView.h */,
				FF107CF71965DEE9008399DA /* BaseFormTableView.m */,
				FF107CF81965DEE9008399DA /* BaseLabel.h */,
				FF107CF91965DEE9008399DA /* BaseLabel.m */,
				FF107CFA1965DEE9008399DA /* BaseMapImageOverlay.h */,
				FF107CFB1965DEE9008399DA /* BaseMapImageOverlay.m */,
				FF107CFC1965DEE9008399DA /* BaseMapImageOverlayView.h */,
				FF107CFD1965DEE9008399DA /* BaseMapImageOverlayView.m */,
				FF107CFE1965DEE9008399DA /* BaseSegment.h */,
				FF107CFF1965DEE9008399DA /* BaseSegment.m */,
				FF107D001965DEE9008399DA /* BaseUserAvatar.h */,
				FF107D011965DEE9008399DA /* BaseUserAvatar.m */,
				FF107D021965DEE9008399DA /* BaseUserAvatarView.h */,
				FF107D031965DEE9008399DA /* BaseUserAvatarView.m */,
				FF107D041965DEE9008399DA /* BBlock.h */,
				FF107D051965DEE9008399DA /* BBlock.m */,
				FF107D061965DEE9008399DA /* MKCircleView+VeplayCommon.h */,
				FF107D071965DEE9008399DA /* MKCircleView+VeplayCommon.m */,
				FF107D081965DEE9008399DA /* MKMapView+ZoomLevel.h */,
				FF107D091965DEE9008399DA /* MKMapView+ZoomLevel.m */,
				FF107D0A1965DEE9008399DA /* UIColor+VeplayCommon.h */,
				FF107D0B1965DEE9008399DA /* UIColor+VeplayCommon.m */,
				FF107D0C1965DEE9008399DA /* UIImage+VeplayCommon.h */,
				FF107D0D1965DEE9008399DA /* UIImage+VeplayCommon.m */,
				FF107D0E1965DEE9008399DA /* UIView+FrameAdditions.h */,
				FF107D0F1965DEE9008399DA /* UIView+FrameAdditions.m */,
				FF107D101965DEE9008399DA /* YLBirthDateModel.h */,
				FF107D111965DEE9008399DA /* YLBirthDateModel.m */,
				FF107D121965DEE9008399DA /* YLColors.h */,
				FF107D131965DEE9008399DA /* YLColors.m */,
				FF107D141965DEE9008399DA /* YLDistance.h */,
				FF107D151965DEE9008399DA /* YLDistance.m */,
				FF107D161965DEE9008399DA /* YLDistanceTransformer.h */,
				FF107D171965DEE9008399DA /* YLDistanceTransformer.m */,
				FF107D181965DEE9008399DA /* YLSliderValues.h */,
				FF107D191965DEE9008399DA /* YLSliderValues.m */,
			);
			name = Base;
			path = TestYL/Base;
			sourceTree = "<group>";
		};
		FF107D2F1965DF79008399DA /* General */ = {
			isa = PBXGroup;
			children = (
				FF107D301965DF79008399DA /* AppDelegate.h */,
				FF107D311965DF79008399DA /* AppDelegate.m */,
				FF107D321965DF79008399DA /* globals.h */,
				FF107D331965DF79008399DA /* globals.m */,
			);
			name = General;
			path = TestYL/General;
			sourceTree = "<group>";
		};
		FF107D421965E21A008399DA /* Images */ = {
			isa = PBXGroup;
			children = (
				FF107D431965E21A008399DA /* AddPhoto.png */,
				FF107D441965E21A008399DA /* BackNavButton.png */,
				FF107D451965E21A008399DA /* LaunchScreen.png */,
				FF107D461965E21A008399DA /* LaunchScreenClear.png */,
				FF107D471965E21A008399DA /* RoundedRectButton.png */,
			);
			name = Images;
			path = TestYL/Images;
			sourceTree = "<group>";
		};
/* End PBXGroup section */

/* Begin PBXNativeTarget section */
		3875980F193DF4EB00A103E0 /* TestYL */ = {
			isa = PBXNativeTarget;
			buildConfigurationList = 38759842193DF4EB00A103E0 /* Build configuration list for PBXNativeTarget "TestYL" */;
			buildPhases = (
				E4CCB5D7F94F408C8E0138FB /* Check Pods Manifest.lock */,
				3875980C193DF4EB00A103E0 /* Sources */,
				3875980D193DF4EB00A103E0 /* Frameworks */,
				3875980E193DF4EB00A103E0 /* Resources */,
				02F29E8EBFE748BDB6ED0E78 /* Copy Pods Resources */,
			);
			buildRules = (
			);
			dependencies = (
			);
			name = TestYL;
			productName = TestYL;
			productReference = 38759810193DF4EB00A103E0 /* TestYL.app */;
			productType = "com.apple.product-type.application";
		};
		38759830193DF4EB00A103E0 /* TestYLTests */ = {
			isa = PBXNativeTarget;
			buildConfigurationList = 38759845193DF4EB00A103E0 /* Build configuration list for PBXNativeTarget "TestYLTests" */;
			buildPhases = (
				3875982D193DF4EB00A103E0 /* Sources */,
				3875982E193DF4EB00A103E0 /* Frameworks */,
				3875982F193DF4EB00A103E0 /* Resources */,
			);
			buildRules = (
			);
			dependencies = (
				38759837193DF4EB00A103E0 /* PBXTargetDependency */,
			);
			name = TestYLTests;
			productName = TestYLTests;
			productReference = 38759831193DF4EB00A103E0 /* TestYLTests.xctest */;
			productType = "com.apple.product-type.bundle.unit-test";
		};
/* End PBXNativeTarget section */

/* Begin PBXProject section */
		38759808193DF4EB00A103E0 /* Project object */ = {
			isa = PBXProject;
			attributes = {
				LastUpgradeCheck = 0510;
				ORGANIZATIONNAME = YL;
				TargetAttributes = {
					38759830193DF4EB00A103E0 = {
						TestTargetID = 3875980F193DF4EB00A103E0;
					};
				};
			};
			buildConfigurationList = 3875980B193DF4EB00A103E0 /* Build configuration list for PBXProject "TestYL" */;
			compatibilityVersion = "Xcode 3.2";
			developmentRegion = English;
			hasScannedForEncodings = 0;
			knownRegions = (
				en,
				Base,
			);
			mainGroup = 38759807193DF4EB00A103E0;
			productRefGroup = 38759811193DF4EB00A103E0 /* Products */;
			projectDirPath = "";
			projectRoot = "";
			targets = (
				3875980F193DF4EB00A103E0 /* TestYL */,
				38759830193DF4EB00A103E0 /* TestYLTests */,
			);
		};
/* End PBXProject section */

/* Begin PBXResourcesBuildPhase section */
		3875980E193DF4EB00A103E0 /* Resources */ = {
			isa = PBXResourcesBuildPhase;
			buildActionMask = 2147483647;
			files = (
				FF107D4B1965E21A008399DA /* LaunchScreenClear.png in Resources */,
				FF107D411965E099008399DA /* Main.storyboard in Resources */,
				FF107D4A1965E21A008399DA /* LaunchScreen.png in Resources */,
				3875982C193DF4EB00A103E0 /* Images.xcassets in Resources */,
				FF107D491965E21A008399DA /* BackNavButton.png in Resources */,
				FF107D4C1965E21A008399DA /* RoundedRectButton.png in Resources */,
				FF107D481965E21A008399DA /* AddPhoto.png in Resources */,
			);
			runOnlyForDeploymentPostprocessing = 0;
		};
		3875982F193DF4EB00A103E0 /* Resources */ = {
			isa = PBXResourcesBuildPhase;
			buildActionMask = 2147483647;
			files = (
				3875983D193DF4EB00A103E0 /* InfoPlist.strings in Resources */,
			);
			runOnlyForDeploymentPostprocessing = 0;
		};
/* End PBXResourcesBuildPhase section */

/* Begin PBXShellScriptBuildPhase section */
		02F29E8EBFE748BDB6ED0E78 /* Copy Pods Resources */ = {
			isa = PBXShellScriptBuildPhase;
			buildActionMask = 2147483647;
			files = (
			);
			inputPaths = (
			);
			name = "Copy Pods Resources";
			outputPaths = (
			);
			runOnlyForDeploymentPostprocessing = 0;
			shellPath = /bin/sh;
			shellScript = "\"${SRCROOT}/Pods/Pods-TestYL-resources.sh\"\n";
			showEnvVarsInLog = 0;
		};
		E4CCB5D7F94F408C8E0138FB /* Check Pods Manifest.lock */ = {
			isa = PBXShellScriptBuildPhase;
			buildActionMask = 2147483647;
			files = (
			);
			inputPaths = (
			);
			name = "Check Pods Manifest.lock";
			outputPaths = (
			);
			runOnlyForDeploymentPostprocessing = 0;
			shellPath = /bin/sh;
			shellScript = "diff \"${PODS_ROOT}/../Podfile.lock\" \"${PODS_ROOT}/Manifest.lock\" > /dev/null\nif [[ $? != 0 ]] ; then\n    cat << EOM\nerror: The sandbox is not in sync with the Podfile.lock. Run 'pod install' or update your CocoaPods installation.\nEOM\n    exit 1\nfi\n";
			showEnvVarsInLog = 0;
		};
/* End PBXShellScriptBuildPhase section */

/* Begin PBXSourcesBuildPhase section */
		3875980C193DF4EB00A103E0 /* Sources */ = {
			isa = PBXSourcesBuildPhase;
			buildActionMask = 2147483647;
			files = (
				FF107D3F1965E045008399DA /* main.m in Sources */,
				FF107D241965DEE9008399DA /* BBlock.m in Sources */,
				FF107D261965DEE9008399DA /* MKMapView+ZoomLevel.m in Sources */,
				FF107D341965DF79008399DA /* AppDelegate.m in Sources */,
				FF107D2D1965DEE9008399DA /* YLDistanceTransformer.m in Sources */,
				FF107D1A1965DEE9008399DA /* BaseForm.m in Sources */,
				FF107C6B1965DC1D008399DA /* LoginViewController.m in Sources */,
				FF107D1C1965DEE9008399DA /* BaseFormController.m in Sources */,
				FF107C6E1965DC50008399DA /* NavigationViewController.m in Sources */,
				FF107D2A1965DEE9008399DA /* YLBirthDateModel.m in Sources */,
				FF107D221965DEE9008399DA /* BaseUserAvatar.m in Sources */,
				FF107D2E1965DEE9008399DA /* YLSliderValues.m in Sources */,
				FF107D271965DEE9008399DA /* UIColor+VeplayCommon.m in Sources */,
				FF107D1F1965DEE9008399DA /* BaseMapImageOverlay.m in Sources */,
				FF107D201965DEE9008399DA /* BaseMapImageOverlayView.m in Sources */,
				FF107D281965DEE9008399DA /* UIImage+VeplayCommon.m in Sources */,
				FF107D251965DEE9008399DA /* MKCircleView+VeplayCommon.m in Sources */,
				FF107D1B1965DEE9008399DA /* BaseFormCells.m in Sources */,
				FF107D291965DEE9008399DA /* UIView+FrameAdditions.m in Sources */,
				FF107D351965DF79008399DA /* globals.m in Sources */,
				FF107D211965DEE9008399DA /* BaseSegment.m in Sources */,
				FF107D1E1965DEE9008399DA /* BaseLabel.m in Sources */,
				FF107D231965DEE9008399DA /* BaseUserAvatarView.m in Sources */,
				FF107D1D1965DEE9008399DA /* BaseFormTableView.m in Sources */,
				FF107D2B1965DEE9008399DA /* YLColors.m in Sources */,
				FF107D2C1965DEE9008399DA /* YLDistance.m in Sources */,
			);
			runOnlyForDeploymentPostprocessing = 0;
		};
		3875982D193DF4EB00A103E0 /* Sources */ = {
			isa = PBXSourcesBuildPhase;
			buildActionMask = 2147483647;
			files = (
				3875983F193DF4EB00A103E0 /* TestYLTests.m in Sources */,
			);
			runOnlyForDeploymentPostprocessing = 0;
		};
/* End PBXSourcesBuildPhase section */

/* Begin PBXTargetDependency section */
		38759837193DF4EB00A103E0 /* PBXTargetDependency */ = {
			isa = PBXTargetDependency;
			target = 3875980F193DF4EB00A103E0 /* TestYL */;
			targetProxy = 38759836193DF4EB00A103E0 /* PBXContainerItemProxy */;
		};
/* End PBXTargetDependency section */

/* Begin PBXVariantGroup section */
		38759825193DF4EB00A103E0 /* Main.storyboard */ = {
			isa = PBXVariantGroup;
			children = (
				38759826193DF4EB00A103E0 /* Base */,
			);
			name = Main.storyboard;
			sourceTree = "<group>";
		};
		3875983B193DF4EB00A103E0 /* InfoPlist.strings */ = {
			isa = PBXVariantGroup;
			children = (
				3875983C193DF4EB00A103E0 /* en */,
			);
			name = InfoPlist.strings;
			sourceTree = "<group>";
		};
/* End PBXVariantGroup section */

/* Begin XCBuildConfiguration section */
		38759840193DF4EB00A103E0 /* Debug */ = {
			isa = XCBuildConfiguration;
			buildSettings = {
				ALWAYS_SEARCH_USER_PATHS = NO;
				CLANG_CXX_LANGUAGE_STANDARD = "gnu++0x";
				CLANG_CXX_LIBRARY = "libc++";
				CLANG_ENABLE_MODULES = YES;
				CLANG_ENABLE_OBJC_ARC = YES;
				CLANG_WARN_BOOL_CONVERSION = YES;
				CLANG_WARN_CONSTANT_CONVERSION = YES;
				CLANG_WARN_DIRECT_OBJC_ISA_USAGE = YES_ERROR;
				CLANG_WARN_EMPTY_BODY = YES;
				CLANG_WARN_ENUM_CONVERSION = YES;
				CLANG_WARN_INT_CONVERSION = YES;
				CLANG_WARN_OBJC_ROOT_CLASS = YES_ERROR;
				CLANG_WARN__DUPLICATE_METHOD_MATCH = YES;
				"CODE_SIGN_IDENTITY[sdk=iphoneos*]" = "iPhone Developer";
				COPY_PHASE_STRIP = NO;
				GCC_C_LANGUAGE_STANDARD = gnu99;
				GCC_DYNAMIC_NO_PIC = NO;
				GCC_OPTIMIZATION_LEVEL = 0;
				GCC_PREPROCESSOR_DEFINITIONS = (
					"DEBUG=1",
					"$(inherited)",
				);
				GCC_SYMBOLS_PRIVATE_EXTERN = NO;
				GCC_WARN_64_TO_32_BIT_CONVERSION = YES;
				GCC_WARN_ABOUT_RETURN_TYPE = YES_ERROR;
				GCC_WARN_UNDECLARED_SELECTOR = YES;
				GCC_WARN_UNINITIALIZED_AUTOS = YES_AGGRESSIVE;
				GCC_WARN_UNUSED_FUNCTION = YES;
				GCC_WARN_UNUSED_VARIABLE = YES;
				IPHONEOS_DEPLOYMENT_TARGET = 7.1;
				ONLY_ACTIVE_ARCH = YES;
				SDKROOT = iphoneos;
			};
			name = Debug;
		};
		38759841193DF4EB00A103E0 /* Release */ = {
			isa = XCBuildConfiguration;
			buildSettings = {
				ALWAYS_SEARCH_USER_PATHS = NO;
				CLANG_CXX_LANGUAGE_STANDARD = "gnu++0x";
				CLANG_CXX_LIBRARY = "libc++";
				CLANG_ENABLE_MODULES = YES;
				CLANG_ENABLE_OBJC_ARC = YES;
				CLANG_WARN_BOOL_CONVERSION = YES;
				CLANG_WARN_CONSTANT_CONVERSION = YES;
				CLANG_WARN_DIRECT_OBJC_ISA_USAGE = YES_ERROR;
				CLANG_WARN_EMPTY_BODY = YES;
				CLANG_WARN_ENUM_CONVERSION = YES;
				CLANG_WARN_INT_CONVERSION = YES;
				CLANG_WARN_OBJC_ROOT_CLASS = YES_ERROR;
				CLANG_WARN__DUPLICATE_METHOD_MATCH = YES;
				"CODE_SIGN_IDENTITY[sdk=iphoneos*]" = "iPhone Developer";
				COPY_PHASE_STRIP = YES;
				ENABLE_NS_ASSERTIONS = NO;
				GCC_C_LANGUAGE_STANDARD = gnu99;
				GCC_WARN_64_TO_32_BIT_CONVERSION = YES;
				GCC_WARN_ABOUT_RETURN_TYPE = YES_ERROR;
				GCC_WARN_UNDECLARED_SELECTOR = YES;
				GCC_WARN_UNINITIALIZED_AUTOS = YES_AGGRESSIVE;
				GCC_WARN_UNUSED_FUNCTION = YES;
				GCC_WARN_UNUSED_VARIABLE = YES;
				IPHONEOS_DEPLOYMENT_TARGET = 7.1;
				SDKROOT = iphoneos;
				VALIDATE_PRODUCT = YES;
			};
			name = Release;
		};
		38759843193DF4EB00A103E0 /* Debug */ = {
			isa = XCBuildConfiguration;
			baseConfigurationReference = 9D6C7C1122B94DA4BF061AC2 /* Pods-TestYL.xcconfig */;
			buildSettings = {
				ASSETCATALOG_COMPILER_APPICON_NAME = AppIcon;
				ASSETCATALOG_COMPILER_LAUNCHIMAGE_NAME = LaunchImage;
				GCC_PRECOMPILE_PREFIX_HEADER = YES;
				GCC_PREFIX_HEADER = "TestYL/TestYL-Prefix.pch";
				INFOPLIST_FILE = "TestYL/TestYL-Info.plist";
				PRODUCT_NAME = "$(TARGET_NAME)";
				WRAPPER_EXTENSION = app;
			};
			name = Debug;
		};
		38759844193DF4EB00A103E0 /* Release */ = {
			isa = XCBuildConfiguration;
			baseConfigurationReference = 9D6C7C1122B94DA4BF061AC2 /* Pods-TestYL.xcconfig */;
			buildSettings = {
				ASSETCATALOG_COMPILER_APPICON_NAME = AppIcon;
				ASSETCATALOG_COMPILER_LAUNCHIMAGE_NAME = LaunchImage;
				GCC_PRECOMPILE_PREFIX_HEADER = YES;
				GCC_PREFIX_HEADER = "TestYL/TestYL-Prefix.pch";
				INFOPLIST_FILE = "TestYL/TestYL-Info.plist";
				PRODUCT_NAME = "$(TARGET_NAME)";
				WRAPPER_EXTENSION = app;
			};
			name = Release;
		};
		38759846193DF4EB00A103E0 /* Debug */ = {
			isa = XCBuildConfiguration;
			buildSettings = {
				BUNDLE_LOADER = "$(BUILT_PRODUCTS_DIR)/TestYL.app/TestYL";
				FRAMEWORK_SEARCH_PATHS = (
					"$(SDKROOT)/Developer/Library/Frameworks",
					"$(inherited)",
					"$(DEVELOPER_FRAMEWORKS_DIR)",
				);
				GCC_PRECOMPILE_PREFIX_HEADER = YES;
				GCC_PREFIX_HEADER = "TestYL/TestYL-Prefix.pch";
				GCC_PREPROCESSOR_DEFINITIONS = (
					"DEBUG=1",
					"$(inherited)",
				);
				INFOPLIST_FILE = "TestYLTests/TestYLTests-Info.plist";
				PRODUCT_NAME = "$(TARGET_NAME)";
				TEST_HOST = "$(BUNDLE_LOADER)";
				WRAPPER_EXTENSION = xctest;
			};
			name = Debug;
		};
		38759847193DF4EB00A103E0 /* Release */ = {
			isa = XCBuildConfiguration;
			buildSettings = {
				BUNDLE_LOADER = "$(BUILT_PRODUCTS_DIR)/TestYL.app/TestYL";
				FRAMEWORK_SEARCH_PATHS = (
					"$(SDKROOT)/Developer/Library/Frameworks",
					"$(inherited)",
					"$(DEVELOPER_FRAMEWORKS_DIR)",
				);
				GCC_PRECOMPILE_PREFIX_HEADER = YES;
				GCC_PREFIX_HEADER = "TestYL/TestYL-Prefix.pch";
				INFOPLIST_FILE = "TestYLTests/TestYLTests-Info.plist";
				PRODUCT_NAME = "$(TARGET_NAME)";
				TEST_HOST = "$(BUNDLE_LOADER)";
				WRAPPER_EXTENSION = xctest;
			};
			name = Release;
		};
/* End XCBuildConfiguration section */

/* Begin XCConfigurationList section */
		3875980B193DF4EB00A103E0 /* Build configuration list for PBXProject "TestYL" */ = {
			isa = XCConfigurationList;
			buildConfigurations = (
				38759840193DF4EB00A103E0 /* Debug */,
				38759841193DF4EB00A103E0 /* Release */,
			);
			defaultConfigurationIsVisible = 0;
			defaultConfigurationName = Release;
		};
		38759842193DF4EB00A103E0 /* Build configuration list for PBXNativeTarget "TestYL" */ = {
			isa = XCConfigurationList;
			buildConfigurations = (
				38759843193DF4EB00A103E0 /* Debug */,
				38759844193DF4EB00A103E0 /* Release */,
			);
			defaultConfigurationIsVisible = 0;
			defaultConfigurationName = Release;
		};
		38759845193DF4EB00A103E0 /* Build configuration list for PBXNativeTarget "TestYLTests" */ = {
			isa = XCConfigurationList;
			buildConfigurations = (
				38759846193DF4EB00A103E0 /* Debug */,
				38759847193DF4EB00A103E0 /* Release */,
			);
			defaultConfigurationIsVisible = 0;
			defaultConfigurationName = Release;
		};
/* End XCConfigurationList section */
	};
	rootObject = 38759808193DF4EB00A103E0 /* Project object */;
}
